// !$*UTF8*$!
{
	archiveVersion = 1;
	classes = {
	};
	objectVersion = 77;
	objects = {

/* Begin PBXBuildFile section */
		0273C1FE0888B2E0D55CD108 /* PortOSAPIModels.swift in Sources */ = {isa = PBXBuildFile; fileRef = A6A3090AE0C4E1E1A0F60180 /* PortOSAPIModels.swift */; };
		13BB1A86E5F4D85512A2D592 /* FleetSyncCoordinatorTests.swift in Sources */ = {isa = PBXBuildFile; fileRef = 379A4627E3385FE1B3BDE3CB /* FleetSyncCoordinatorTests.swift */; };
		17CD4D3603FB5627EE6990F9 /* ActionFormView.swift in Sources */ = {isa = PBXBuildFile; fileRef = EEA29F8E1CEDE46EDF7EEFE7 /* ActionFormView.swift */; };
		285A90F7A74B59972111F181 /* PrivacyInfo.xcprivacy in Resources */ = {isa = PBXBuildFile; fileRef = E158AD31FACD5FBA41577456 /* PrivacyInfo.xcprivacy */; };
		30E740B8D8D24AFDDCBD46F7 /* KeychainCredentialStore.swift in Sources */ = {isa = PBXBuildFile; fileRef = 9FDAB0A6119E7E7638D040A3 /* KeychainCredentialStore.swift */; };
		34190D2952D3B64C0DC60440 /* EditInstanceView.swift in Sources */ = {isa = PBXBuildFile; fileRef = 4483786345517DFB11EE9B4B /* EditInstanceView.swift */; };
		3469DBA19350C02B39FA4163 /* PortOSInstanceTests.swift in Sources */ = {isa = PBXBuildFile; fileRef = 986E5FC9C6C9F4FDAC4504B9 /* PortOSInstanceTests.swift */; };
		34791959EE25157E367AA2B7 /* DemoData.swift in Sources */ = {isa = PBXBuildFile; fileRef = 6B351C0DF26B662D65EFFBB8 /* DemoData.swift */; };
		3D0905D1727A8793E6308241 /* SyncedInstanceProfile.swift in Sources */ = {isa = PBXBuildFile; fileRef = 606689402D0E38A53C08E727 /* SyncedInstanceProfile.swift */; };
		3E56F67F31B240FCF4F596CC /* AddFederationPeerView.swift in Sources */ = {isa = PBXBuildFile; fileRef = 1EEE6276C0CE74A3AC23C8CD /* AddFederationPeerView.swift */; };
		3F4D71AE753570E237D64F86 /* FleetView.swift in Sources */ = {isa = PBXBuildFile; fileRef = 549A6DEBA55EB1AE159BCAFC /* FleetView.swift */; };
		4713606B18A8D70DA7B763ED /* PortOSAPIClientTests.swift in Sources */ = {isa = PBXBuildFile; fileRef = 533BA6A44D7B184344EE5515 /* PortOSAPIClientTests.swift */; };
		4D599A7E94F2E99F7AAC8F2D /* AddInstanceView.swift in Sources */ = {isa = PBXBuildFile; fileRef = C9AE2BBFBE27494005E26A63 /* AddInstanceView.swift */; };
		62BBCA1D8D851F296A86C0B5 /* DemoDataTests.swift in Sources */ = {isa = PBXBuildFile; fileRef = 68F63D7F47072332EFA2378C /* DemoDataTests.swift */; };
		6DF58BF4B91E3E6BD340A2FB /* AppState.swift in Sources */ = {isa = PBXBuildFile; fileRef = 628B2E2D873340C6D0FA2834 /* AppState.swift */; };
		7197775C4DF1B5DB25D0C06E /* PortOSInstance.swift in Sources */ = {isa = PBXBuildFile; fileRef = 333823276F9D322F0D7EDCDC /* PortOSInstance.swift */; };
		74F571E758B853407B69983B /* SettingsView.swift in Sources */ = {isa = PBXBuildFile; fileRef = 8241E58FBED37F4EAFD1A035 /* SettingsView.swift */; };
		7A65B8708EBBFC3FBFBF22D0 /* ActionsView.swift in Sources */ = {isa = PBXBuildFile; fileRef = 4D21C9316738833CCC1EE04F /* ActionsView.swift */; };
		7BA083E465405BA3B7EDC773 /* PortOSEndpointTests.swift in Sources */ = {isa = PBXBuildFile; fileRef = 6914ECD585B8071A96C79116 /* PortOSEndpointTests.swift */; };
		90456A6F3931504957C2A1C5 /* FleetSyncCoordinator.swift in Sources */ = {isa = PBXBuildFile; fileRef = DBBFEA235BACC796156F439A /* FleetSyncCoordinator.swift */; };
		9934CC918B9C43A6F20BECDA /* PortDeckUITests.swift in Sources */ = {isa = PBXBuildFile; fileRef = 2CFA00746B1E54D68DE886E0 /* PortDeckUITests.swift */; };
		9F407D30765E935C170DBB8C /* PortOSAPIClient.swift in Sources */ = {isa = PBXBuildFile; fileRef = 35688402A5D83A178118FE9E /* PortOSAPIClient.swift */; };
		A7D04ACD6D4DD72891CB0909 /* AppShellView.swift in Sources */ = {isa = PBXBuildFile; fileRef = D99D3575365329B47833DA9B /* AppShellView.swift */; };
		AAFAA09D64FDDEEBD3B83379 /* PortDeckApp.swift in Sources */ = {isa = PBXBuildFile; fileRef = 982175FF5309C8E30EAD19F7 /* PortDeckApp.swift */; };
		AC0A78998942D181BC71AFC4 /* CaptureView.swift in Sources */ = {isa = PBXBuildFile; fileRef = E4466967E5BD54DEB9A21233 /* CaptureView.swift */; };
		ACEBE92DD9FDF9847E4B08CC /* InstanceDetailView.swift in Sources */ = {isa = PBXBuildFile; fileRef = 222601337C745F82DD4E1962 /* InstanceDetailView.swift */; };
		BB56105ADB9E43627CB75201 /* ScreenshotTests.swift in Sources */ = {isa = PBXBuildFile; fileRef = 3193777185FA502A6EE376EC /* ScreenshotTests.swift */; };
		D13D348D24B5E4648149AAE9 /* Assets.xcassets in Resources */ = {isa = PBXBuildFile; fileRef = 030713827E7F8758FE90A8B3 /* Assets.xcassets */; };
		D8A706FAEDBE03BEA9529D09 /* ActiveInstancePicker.swift in Sources */ = {isa = PBXBuildFile; fileRef = B2FDD2C92374F8B702D2A168 /* ActiveInstancePicker.swift */; };
		E22BEA5680C61A40EC53F28C /* DictationController.swift in Sources */ = {isa = PBXBuildFile; fileRef = 34429E825AA3AE3B5901EC9B /* DictationController.swift */; };
		E83422B887F3F213577822E7 /* ICloudFleetSyncStore.swift in Sources */ = {isa = PBXBuildFile; fileRef = BE28A9A2AD442F01E40A543C /* ICloudFleetSyncStore.swift */; };
		EE8AF231B8AF215492D03C55 /* PortOSEndpoint.swift in Sources */ = {isa = PBXBuildFile; fileRef = B564B4DDC3A549F757F70833 /* PortOSEndpoint.swift */; };
		F781BAE78FB31434158E2C07 /* Color+Brand.swift in Sources */ = {isa = PBXBuildFile; fileRef = C7B1938EA3EDA7D90928CA84 /* Color+Brand.swift */; };
		F9311F126974EC79CE2E8A19 /* PortPanel.swift in Sources */ = {isa = PBXBuildFile; fileRef = 1B175D3721B7DE9D5865119D /* PortPanel.swift */; };
/* End PBXBuildFile section */

/* Begin PBXContainerItemProxy section */
		35B8BA167852EB978A7C7CE5 /* PBXContainerItemProxy */ = {
			isa = PBXContainerItemProxy;
			containerPortal = 37341A783EDB4B04CCDB2348 /* Project object */;
			proxyType = 1;
			remoteGlobalIDString = E2F38E58A993B240A7284082;
			remoteInfo = PortDeck;
		};
		60541D931233E437EBAA2651 /* PBXContainerItemProxy */ = {
			isa = PBXContainerItemProxy;
			containerPortal = 37341A783EDB4B04CCDB2348 /* Project object */;
			proxyType = 1;
			remoteGlobalIDString = E2F38E58A993B240A7284082;
			remoteInfo = PortDeck;
		};
/* End PBXContainerItemProxy section */

/* Begin PBXFileReference section */
		0251E993CB15E99626E4B325 /* Info.plist */ = {isa = PBXFileReference; lastKnownFileType = text.plist; path = Info.plist; sourceTree = "<group>"; };
		030713827E7F8758FE90A8B3 /* Assets.xcassets */ = {isa = PBXFileReference; lastKnownFileType = folder.assetcatalog; path = Assets.xcassets; sourceTree = "<group>"; };
		1B175D3721B7DE9D5865119D /* PortPanel.swift */ = {isa = PBXFileReference; lastKnownFileType = sourcecode.swift; path = PortPanel.swift; sourceTree = "<group>"; };
		1EEE6276C0CE74A3AC23C8CD /* AddFederationPeerView.swift */ = {isa = PBXFileReference; lastKnownFileType = sourcecode.swift; path = AddFederationPeerView.swift; sourceTree = "<group>"; };
		222601337C745F82DD4E1962 /* InstanceDetailView.swift */ = {isa = PBXFileReference; lastKnownFileType = sourcecode.swift; path = InstanceDetailView.swift; sourceTree = "<group>"; };
		2CFA00746B1E54D68DE886E0 /* PortDeckUITests.swift */ = {isa = PBXFileReference; lastKnownFileType = sourcecode.swift; path = PortDeckUITests.swift; sourceTree = "<group>"; };
		3193777185FA502A6EE376EC /* ScreenshotTests.swift */ = {isa = PBXFileReference; lastKnownFileType = sourcecode.swift; path = ScreenshotTests.swift; sourceTree = "<group>"; };
		333823276F9D322F0D7EDCDC /* PortOSInstance.swift */ = {isa = PBXFileReference; lastKnownFileType = sourcecode.swift; path = PortOSInstance.swift; sourceTree = "<group>"; };
		34429E825AA3AE3B5901EC9B /* DictationController.swift */ = {isa = PBXFileReference; lastKnownFileType = sourcecode.swift; path = DictationController.swift; sourceTree = "<group>"; };
		35688402A5D83A178118FE9E /* PortOSAPIClient.swift */ = {isa = PBXFileReference; lastKnownFileType = sourcecode.swift; path = PortOSAPIClient.swift; sourceTree = "<group>"; };
		379A4627E3385FE1B3BDE3CB /* FleetSyncCoordinatorTests.swift */ = {isa = PBXFileReference; lastKnownFileType = sourcecode.swift; path = FleetSyncCoordinatorTests.swift; sourceTree = "<group>"; };
		4483786345517DFB11EE9B4B /* EditInstanceView.swift */ = {isa = PBXFileReference; lastKnownFileType = sourcecode.swift; path = EditInstanceView.swift; sourceTree = "<group>"; };
		459FA8297CD231E366CA75F7 /* PortDeck.app */ = {isa = PBXFileReference; includeInIndex = 0; lastKnownFileType = wrapper.application; path = PortDeck.app; sourceTree = BUILT_PRODUCTS_DIR; };
		4D21C9316738833CCC1EE04F /* ActionsView.swift */ = {isa = PBXFileReference; lastKnownFileType = sourcecode.swift; path = ActionsView.swift; sourceTree = "<group>"; };
		533BA6A44D7B184344EE5515 /* PortOSAPIClientTests.swift */ = {isa = PBXFileReference; lastKnownFileType = sourcecode.swift; path = PortOSAPIClientTests.swift; sourceTree = "<group>"; };
		549A6DEBA55EB1AE159BCAFC /* FleetView.swift */ = {isa = PBXFileReference; lastKnownFileType = sourcecode.swift; path = FleetView.swift; sourceTree = "<group>"; };
		606689402D0E38A53C08E727 /* SyncedInstanceProfile.swift */ = {isa = PBXFileReference; lastKnownFileType = sourcecode.swift; path = SyncedInstanceProfile.swift; sourceTree = "<group>"; };
		628B2E2D873340C6D0FA2834 /* AppState.swift */ = {isa = PBXFileReference; lastKnownFileType = sourcecode.swift; path = AppState.swift; sourceTree = "<group>"; };
		638C6A9825611C0AFDDB9D14 /* PortDeck.entitlements */ = {isa = PBXFileReference; lastKnownFileType = text.plist.entitlements; path = PortDeck.entitlements; sourceTree = "<group>"; };
		669BEC99B769EE78ECA1A57A /* PortDeckTests.xctest */ = {isa = PBXFileReference; includeInIndex = 0; lastKnownFileType = wrapper.cfbundle; path = PortDeckTests.xctest; sourceTree = BUILT_PRODUCTS_DIR; };
		68F63D7F47072332EFA2378C /* DemoDataTests.swift */ = {isa = PBXFileReference; lastKnownFileType = sourcecode.swift; path = DemoDataTests.swift; sourceTree = "<group>"; };
		6914ECD585B8071A96C79116 /* PortOSEndpointTests.swift */ = {isa = PBXFileReference; lastKnownFileType = sourcecode.swift; path = PortOSEndpointTests.swift; sourceTree = "<group>"; };
		6B351C0DF26B662D65EFFBB8 /* DemoData.swift */ = {isa = PBXFileReference; lastKnownFileType = sourcecode.swift; path = DemoData.swift; sourceTree = "<group>"; };
		8241E58FBED37F4EAFD1A035 /* SettingsView.swift */ = {isa = PBXFileReference; lastKnownFileType = sourcecode.swift; path = SettingsView.swift; sourceTree = "<group>"; };
		84973FDFB58BFA803205C64E /* PortDeckUITests.xctest */ = {isa = PBXFileReference; includeInIndex = 0; lastKnownFileType = wrapper.cfbundle; path = PortDeckUITests.xctest; sourceTree = BUILT_PRODUCTS_DIR; };
		982175FF5309C8E30EAD19F7 /* PortDeckApp.swift */ = {isa = PBXFileReference; lastKnownFileType = sourcecode.swift; path = PortDeckApp.swift; sourceTree = "<group>"; };
		986E5FC9C6C9F4FDAC4504B9 /* PortOSInstanceTests.swift */ = {isa = PBXFileReference; lastKnownFileType = sourcecode.swift; path = PortOSInstanceTests.swift; sourceTree = "<group>"; };
		9FDAB0A6119E7E7638D040A3 /* KeychainCredentialStore.swift */ = {isa = PBXFileReference; lastKnownFileType = sourcecode.swift; path = KeychainCredentialStore.swift; sourceTree = "<group>"; };
		A6A3090AE0C4E1E1A0F60180 /* PortOSAPIModels.swift */ = {isa = PBXFileReference; lastKnownFileType = sourcecode.swift; path = PortOSAPIModels.swift; sourceTree = "<group>"; };
		B2FDD2C92374F8B702D2A168 /* ActiveInstancePicker.swift */ = {isa = PBXFileReference; lastKnownFileType = sourcecode.swift; path = ActiveInstancePicker.swift; sourceTree = "<group>"; };
		B564B4DDC3A549F757F70833 /* PortOSEndpoint.swift */ = {isa = PBXFileReference; lastKnownFileType = sourcecode.swift; path = PortOSEndpoint.swift; sourceTree = "<group>"; };
		BE28A9A2AD442F01E40A543C /* ICloudFleetSyncStore.swift */ = {isa = PBXFileReference; lastKnownFileType = sourcecode.swift; path = ICloudFleetSyncStore.swift; sourceTree = "<group>"; };
		C7B1938EA3EDA7D90928CA84 /* Color+Brand.swift */ = {isa = PBXFileReference; lastKnownFileType = sourcecode.swift; path = "Color+Brand.swift"; sourceTree = "<group>"; };
		C9AE2BBFBE27494005E26A63 /* AddInstanceView.swift */ = {isa = PBXFileReference; lastKnownFileType = sourcecode.swift; path = AddInstanceView.swift; sourceTree = "<group>"; };
		CE3A2E177F6BDD305E318E13 /* PreviewAssets.xcassets */ = {isa = PBXFileReference; lastKnownFileType = folder.assetcatalog; path = PreviewAssets.xcassets; sourceTree = "<group>"; };
		D99D3575365329B47833DA9B /* AppShellView.swift */ = {isa = PBXFileReference; lastKnownFileType = sourcecode.swift; path = AppShellView.swift; sourceTree = "<group>"; };
		DBBFEA235BACC796156F439A /* FleetSyncCoordinator.swift */ = {isa = PBXFileReference; lastKnownFileType = sourcecode.swift; path = FleetSyncCoordinator.swift; sourceTree = "<group>"; };
		E158AD31FACD5FBA41577456 /* PrivacyInfo.xcprivacy */ = {isa = PBXFileReference; path = PrivacyInfo.xcprivacy; sourceTree = "<group>"; };
		E4466967E5BD54DEB9A21233 /* CaptureView.swift */ = {isa = PBXFileReference; lastKnownFileType = sourcecode.swift; path = CaptureView.swift; sourceTree = "<group>"; };
		EEA29F8E1CEDE46EDF7EEFE7 /* ActionFormView.swift */ = {isa = PBXFileReference; lastKnownFileType = sourcecode.swift; path = ActionFormView.swift; sourceTree = "<group>"; };
/* End PBXFileReference section */

/* Begin PBXGroup section */
		0D7C564724551CEBA44D99EE /* Components */ = {
			isa = PBXGroup;
			children = (
				B2FDD2C92374F8B702D2A168 /* ActiveInstancePicker.swift */,
				1B175D3721B7DE9D5865119D /* PortPanel.swift */,
			);
			path = Components;
			sourceTree = "<group>";
		};
		1A187B221D555E762C3F4A1F /* Actions */ = {
			isa = PBXGroup;
			children = (
				EEA29F8E1CEDE46EDF7EEFE7 /* ActionFormView.swift */,
				4D21C9316738833CCC1EE04F /* ActionsView.swift */,
			);
			path = Actions;
			sourceTree = "<group>";
		};
		2466C402ECA955D566F4A969 /* Models */ = {
			isa = PBXGroup;
			children = (
				A6A3090AE0C4E1E1A0F60180 /* PortOSAPIModels.swift */,
				333823276F9D322F0D7EDCDC /* PortOSInstance.swift */,
				606689402D0E38A53C08E727 /* SyncedInstanceProfile.swift */,
			);
			path = Models;
			sourceTree = "<group>";
		};
		377153188F2610F38B10D6C4 /* Views */ = {
			isa = PBXGroup;
			children = (
				D99D3575365329B47833DA9B /* AppShellView.swift */,
				1A187B221D555E762C3F4A1F /* Actions */,
				67C879656F0E0F4D6C59B3B6 /* Capture */,
				0D7C564724551CEBA44D99EE /* Components */,
				3F7D4B1AA99685A43135E353 /* Fleet */,
				DFEAFA972D08564C65CBC9C6 /* Memories */,
				3D495C3969BA5FAF8D768D77 /* Sessions */,
				B8791DC00A0AE29ADBAB49E2 /* Settings */,
			);
			path = Views;
			sourceTree = "<group>";
		};
		3D495C3969BA5FAF8D768D77 /* Sessions */ = {
			isa = PBXGroup;
			children = (
			);
			path = Sessions;
			sourceTree = "<group>";
		};
		3F7D4B1AA99685A43135E353 /* Fleet */ = {
			isa = PBXGroup;
			children = (
				1EEE6276C0CE74A3AC23C8CD /* AddFederationPeerView.swift */,
				C9AE2BBFBE27494005E26A63 /* AddInstanceView.swift */,
				4483786345517DFB11EE9B4B /* EditInstanceView.swift */,
				549A6DEBA55EB1AE159BCAFC /* FleetView.swift */,
				222601337C745F82DD4E1962 /* InstanceDetailView.swift */,
			);
			path = Fleet;
			sourceTree = "<group>";
		};
		569B13184101473860895F7C /* Extensions */ = {
			isa = PBXGroup;
			children = (
				C7B1938EA3EDA7D90928CA84 /* Color+Brand.swift */,
			);
			path = Extensions;
			sourceTree = "<group>";
		};
		5DF986AF3D2549FB9E53585F /* PortDeckTests */ = {
			isa = PBXGroup;
			children = (
				68F63D7F47072332EFA2378C /* DemoDataTests.swift */,
				379A4627E3385FE1B3BDE3CB /* FleetSyncCoordinatorTests.swift */,
				533BA6A44D7B184344EE5515 /* PortOSAPIClientTests.swift */,
				6914ECD585B8071A96C79116 /* PortOSEndpointTests.swift */,
				986E5FC9C6C9F4FDAC4504B9 /* PortOSInstanceTests.swift */,
			);
			path = PortDeckTests;
			sourceTree = "<group>";
		};
		64E3F4F23057A269C621E321 /* Preview Content */ = {
			isa = PBXGroup;
			children = (
				CE3A2E177F6BDD305E318E13 /* PreviewAssets.xcassets */,
			);
			path = "Preview Content";
			sourceTree = "<group>";
		};
		64F4D5B2E7DFF4CD1196DA6C /* PortDeckUITests */ = {
			isa = PBXGroup;
			children = (
				2CFA00746B1E54D68DE886E0 /* PortDeckUITests.swift */,
				3193777185FA502A6EE376EC /* ScreenshotTests.swift */,
			);
			path = PortDeckUITests;
			sourceTree = "<group>";
		};
		67C879656F0E0F4D6C59B3B6 /* Capture */ = {
			isa = PBXGroup;
			children = (
				E4466967E5BD54DEB9A21233 /* CaptureView.swift */,
			);
			path = Capture;
			sourceTree = "<group>";
		};
		6F56EB0555ABCB7920F04C05 /* PortDeck */ = {
			isa = PBXGroup;
			children = (
				030713827E7F8758FE90A8B3 /* Assets.xcassets */,
				0251E993CB15E99626E4B325 /* Info.plist */,
				638C6A9825611C0AFDDB9D14 /* PortDeck.entitlements */,
				982175FF5309C8E30EAD19F7 /* PortDeckApp.swift */,
				E158AD31FACD5FBA41577456 /* PrivacyInfo.xcprivacy */,
				569B13184101473860895F7C /* Extensions */,
				2466C402ECA955D566F4A969 /* Models */,
				E18AF625CC7A7F7AC2391D7B /* Navigation */,
				64E3F4F23057A269C621E321 /* Preview Content */,
				DD3B3A07C33B749AD564DE95 /* Services */,
				377153188F2610F38B10D6C4 /* Views */,
			);
			path = PortDeck;
			sourceTree = "<group>";
		};
		9212B031BB3E806BBCBB9B17 = {
			isa = PBXGroup;
			children = (
				6F56EB0555ABCB7920F04C05 /* PortDeck */,
				5DF986AF3D2549FB9E53585F /* PortDeckTests */,
				64F4D5B2E7DFF4CD1196DA6C /* PortDeckUITests */,
				A38630DB614A6DB23B48E18C /* Products */,
			);
			sourceTree = "<group>";
		};
		A38630DB614A6DB23B48E18C /* Products */ = {
			isa = PBXGroup;
			children = (
				459FA8297CD231E366CA75F7 /* PortDeck.app */,
				669BEC99B769EE78ECA1A57A /* PortDeckTests.xctest */,
				84973FDFB58BFA803205C64E /* PortDeckUITests.xctest */,
			);
			name = Products;
			sourceTree = "<group>";
		};
		B8791DC00A0AE29ADBAB49E2 /* Settings */ = {
			isa = PBXGroup;
			children = (
				8241E58FBED37F4EAFD1A035 /* SettingsView.swift */,
			);
			path = Settings;
			sourceTree = "<group>";
		};
		DD3B3A07C33B749AD564DE95 /* Services */ = {
			isa = PBXGroup;
			children = (
				628B2E2D873340C6D0FA2834 /* AppState.swift */,
				6B351C0DF26B662D65EFFBB8 /* DemoData.swift */,
				34429E825AA3AE3B5901EC9B /* DictationController.swift */,
				DBBFEA235BACC796156F439A /* FleetSyncCoordinator.swift */,
				BE28A9A2AD442F01E40A543C /* ICloudFleetSyncStore.swift */,
				9FDAB0A6119E7E7638D040A3 /* KeychainCredentialStore.swift */,
				35688402A5D83A178118FE9E /* PortOSAPIClient.swift */,
				B564B4DDC3A549F757F70833 /* PortOSEndpoint.swift */,
			);
			path = Services;
			sourceTree = "<group>";
		};
		DFEAFA972D08564C65CBC9C6 /* Memories */ = {
			isa = PBXGroup;
			children = (
			);
			path = Memories;
			sourceTree = "<group>";
		};
		E18AF625CC7A7F7AC2391D7B /* Navigation */ = {
			isa = PBXGroup;
			children = (
			);
			path = Navigation;
			sourceTree = "<group>";
		};
/* End PBXGroup section */

/* Begin PBXNativeTarget section */
		3492868D52A8DDD97E135144 /* PortDeckUITests */ = {
			isa = PBXNativeTarget;
			buildConfigurationList = 4209F479410DAA2B02ABB338 /* Build configuration list for PBXNativeTarget "PortDeckUITests" */;
			buildPhases = (
				41C7EFB9247734582E28703E /* Sources */,
			);
			buildRules = (
			);
			dependencies = (
				10A3A8CBD312D23A049CF972 /* PBXTargetDependency */,
			);
			name = PortDeckUITests;
			packageProductDependencies = (
			);
			productName = PortDeckUITests;
			productReference = 84973FDFB58BFA803205C64E /* PortDeckUITests.xctest */;
			productType = "com.apple.product-type.bundle.ui-testing";
		};
		935B5D17196B87849584DE04 /* PortDeckTests */ = {
			isa = PBXNativeTarget;
			buildConfigurationList = 5F691D1A8DF2E3A32147D3D7 /* Build configuration list for PBXNativeTarget "PortDeckTests" */;
			buildPhases = (
				AAB8760DCA72A542ABF82BC7 /* Sources */,
			);
			buildRules = (
			);
			dependencies = (
				EA2592B818F6680C8D335277 /* PBXTargetDependency */,
			);
			name = PortDeckTests;
			packageProductDependencies = (
			);
			productName = PortDeckTests;
			productReference = 669BEC99B769EE78ECA1A57A /* PortDeckTests.xctest */;
			productType = "com.apple.product-type.bundle.unit-test";
		};
		E2F38E58A993B240A7284082 /* PortDeck */ = {
			isa = PBXNativeTarget;
			buildConfigurationList = A88685F92964735F04D48574 /* Build configuration list for PBXNativeTarget "PortDeck" */;
			buildPhases = (
				CF5B581B77217EAE82E95E4A /* Sources */,
				291BD7048CDFA57FA126B361 /* Resources */,
			);
			buildRules = (
			);
			dependencies = (
			);
			name = PortDeck;
			packageProductDependencies = (
			);
			productName = PortDeck;
			productReference = 459FA8297CD231E366CA75F7 /* PortDeck.app */;
			productType = "com.apple.product-type.application";
		};
/* End PBXNativeTarget section */

/* Begin PBXProject section */
		37341A783EDB4B04CCDB2348 /* Project object */ = {
			isa = PBXProject;
			attributes = {
				BuildIndependentTargetsInParallel = YES;
				LastUpgradeCheck = 1600;
				TargetAttributes = {
					3492868D52A8DDD97E135144 = {
						DevelopmentTeam = TYQ32QCF6K;
						TestTargetID = E2F38E58A993B240A7284082;
					};
					935B5D17196B87849584DE04 = {
						DevelopmentTeam = TYQ32QCF6K;
					};
					E2F38E58A993B240A7284082 = {
						DevelopmentTeam = TYQ32QCF6K;
					};
				};
			};
			buildConfigurationList = 2949DD041EDCB2F5F79E9FDC /* Build configuration list for PBXProject "PortDeck" */;
			developmentRegion = en;
			hasScannedForEncodings = 0;
			knownRegions = (
				Base,
				en,
			);
			mainGroup = 9212B031BB3E806BBCBB9B17;
			minimizedProjectReferenceProxies = 1;
			preferredProjectObjectVersion = 77;
			productRefGroup = A38630DB614A6DB23B48E18C /* Products */;
			projectDirPath = "";
			projectRoot = "";
			targets = (
				E2F38E58A993B240A7284082 /* PortDeck */,
				935B5D17196B87849584DE04 /* PortDeckTests */,
				3492868D52A8DDD97E135144 /* PortDeckUITests */,
			);
		};
/* End PBXProject section */

/* Begin PBXResourcesBuildPhase section */
		291BD7048CDFA57FA126B361 /* Resources */ = {
			isa = PBXResourcesBuildPhase;
			buildActionMask = 2147483647;
			files = (
				D13D348D24B5E4648149AAE9 /* Assets.xcassets in Resources */,
				285A90F7A74B59972111F181 /* PrivacyInfo.xcprivacy in Resources */,
			);
			runOnlyForDeploymentPostprocessing = 0;
		};
/* End PBXResourcesBuildPhase section */

/* Begin PBXSourcesBuildPhase section */
		41C7EFB9247734582E28703E /* Sources */ = {
			isa = PBXSourcesBuildPhase;
			buildActionMask = 2147483647;
			files = (
				9934CC918B9C43A6F20BECDA /* PortDeckUITests.swift in Sources */,
				BB56105ADB9E43627CB75201 /* ScreenshotTests.swift in Sources */,
			);
			runOnlyForDeploymentPostprocessing = 0;
		};
		AAB8760DCA72A542ABF82BC7 /* Sources */ = {
			isa = PBXSourcesBuildPhase;
			buildActionMask = 2147483647;
			files = (
				62BBCA1D8D851F296A86C0B5 /* DemoDataTests.swift in Sources */,
				13BB1A86E5F4D85512A2D592 /* FleetSyncCoordinatorTests.swift in Sources */,
				4713606B18A8D70DA7B763ED /* PortOSAPIClientTests.swift in Sources */,
				7BA083E465405BA3B7EDC773 /* PortOSEndpointTests.swift in Sources */,
				3469DBA19350C02B39FA4163 /* PortOSInstanceTests.swift in Sources */,
			);
			runOnlyForDeploymentPostprocessing = 0;
		};
		CF5B581B77217EAE82E95E4A /* Sources */ = {
			isa = PBXSourcesBuildPhase;
			buildActionMask = 2147483647;
			files = (
				17CD4D3603FB5627EE6990F9 /* ActionFormView.swift in Sources */,
				7A65B8708EBBFC3FBFBF22D0 /* ActionsView.swift in Sources */,
				D8A706FAEDBE03BEA9529D09 /* ActiveInstancePicker.swift in Sources */,
				3E56F67F31B240FCF4F596CC /* AddFederationPeerView.swift in Sources */,
				4D599A7E94F2E99F7AAC8F2D /* AddInstanceView.swift in Sources */,
				A7D04ACD6D4DD72891CB0909 /* AppShellView.swift in Sources */,
				6DF58BF4B91E3E6BD340A2FB /* AppState.swift in Sources */,
				AC0A78998942D181BC71AFC4 /* CaptureView.swift in Sources */,
				F781BAE78FB31434158E2C07 /* Color+Brand.swift in Sources */,
				34791959EE25157E367AA2B7 /* DemoData.swift in Sources */,
				E22BEA5680C61A40EC53F28C /* DictationController.swift in Sources */,
				34190D2952D3B64C0DC60440 /* EditInstanceView.swift in Sources */,
				90456A6F3931504957C2A1C5 /* FleetSyncCoordinator.swift in Sources */,
				3F4D71AE753570E237D64F86 /* FleetView.swift in Sources */,
				E83422B887F3F213577822E7 /* ICloudFleetSyncStore.swift in Sources */,
				ACEBE92DD9FDF9847E4B08CC /* InstanceDetailView.swift in Sources */,
				30E740B8D8D24AFDDCBD46F7 /* KeychainCredentialStore.swift in Sources */,
				AAFAA09D64FDDEEBD3B83379 /* PortDeckApp.swift in Sources */,
				9F407D30765E935C170DBB8C /* PortOSAPIClient.swift in Sources */,
				0273C1FE0888B2E0D55CD108 /* PortOSAPIModels.swift in Sources */,
				EE8AF231B8AF215492D03C55 /* PortOSEndpoint.swift in Sources */,
				7197775C4DF1B5DB25D0C06E /* PortOSInstance.swift in Sources */,
				F9311F126974EC79CE2E8A19 /* PortPanel.swift in Sources */,
				74F571E758B853407B69983B /* SettingsView.swift in Sources */,
				3D0905D1727A8793E6308241 /* SyncedInstanceProfile.swift in Sources */,
			);
			runOnlyForDeploymentPostprocessing = 0;
		};
/* End PBXSourcesBuildPhase section */

/* Begin PBXTargetDependency section */
		10A3A8CBD312D23A049CF972 /* PBXTargetDependency */ = {
			isa = PBXTargetDependency;
			target = E2F38E58A993B240A7284082 /* PortDeck */;
			targetProxy = 60541D931233E437EBAA2651 /* PBXContainerItemProxy */;
		};
		EA2592B818F6680C8D335277 /* PBXTargetDependency */ = {
			isa = PBXTargetDependency;
			target = E2F38E58A993B240A7284082 /* PortDeck */;
			targetProxy = 35B8BA167852EB978A7C7CE5 /* PBXContainerItemProxy */;
		};
/* End PBXTargetDependency section */

/* Begin XCBuildConfiguration section */
		2763FFCBAC7C0981EA873391 /* Release */ = {
			isa = XCBuildConfiguration;
			buildSettings = {
				BUNDLE_LOADER = "$(TEST_HOST)";
				GENERATE_INFOPLIST_FILE = YES;
				LD_RUNPATH_SEARCH_PATHS = (
					"$(inherited)",
					"@executable_path/Frameworks",
					"@loader_path/Frameworks",
				);
				PRODUCT_BUNDLE_IDENTIFIER = net.shadowpuppet.PortDeckTests;
				SDKROOT = iphoneos;
				TARGETED_DEVICE_FAMILY = "1,2";
				TEST_HOST = "$(BUILT_PRODUCTS_DIR)/PortDeck.app/$(BUNDLE_EXECUTABLE_FOLDER_PATH)/PortDeck";
			};
			name = Release;
		};
		419AF5DA6242DE42EF9F032D /* Release */ = {
			isa = XCBuildConfiguration;
			buildSettings = {
				BUNDLE_LOADER = "$(TEST_HOST)";
				GENERATE_INFOPLIST_FILE = YES;
				LD_RUNPATH_SEARCH_PATHS = (
					"$(inherited)",
					"@executable_path/Frameworks",
					"@loader_path/Frameworks",
				);
				PRODUCT_BUNDLE_IDENTIFIER = net.shadowpuppet.PortDeckUITests;
				SDKROOT = iphoneos;
				TARGETED_DEVICE_FAMILY = "1,2";
				TEST_TARGET_NAME = PortDeck;
			};
			name = Release;
		};
		42E2767425275371C95A270A /* Debug */ = {
			isa = XCBuildConfiguration;
			buildSettings = {
				ALWAYS_SEARCH_USER_PATHS = NO;
				CLANG_ANALYZER_NONNULL = YES;
				CLANG_ANALYZER_NUMBER_OBJECT_CONVERSION = YES_AGGRESSIVE;
				CLANG_CXX_LANGUAGE_STANDARD = "gnu++14";
				CLANG_CXX_LIBRARY = "libc++";
				CLANG_ENABLE_MODULES = YES;
				CLANG_ENABLE_OBJC_ARC = YES;
				CLANG_ENABLE_OBJC_WEAK = YES;
				CLANG_WARN_BLOCK_CAPTURE_AUTORELEASING = YES;
				CLANG_WARN_BOOL_CONVERSION = YES;
				CLANG_WARN_COMMA = YES;
				CLANG_WARN_CONSTANT_CONVERSION = YES;
				CLANG_WARN_DEPRECATED_OBJC_IMPLEMENTATIONS = YES;
				CLANG_WARN_DIRECT_OBJC_ISA_USAGE = YES_ERROR;
				CLANG_WARN_DOCUMENTATION_COMMENTS = YES;
				CLANG_WARN_EMPTY_BODY = YES;
				CLANG_WARN_ENUM_CONVERSION = YES;
				CLANG_WARN_INFINITE_RECURSION = YES;
				CLANG_WARN_INT_CONVERSION = YES;
				CLANG_WARN_NON_LITERAL_NULL_CONVERSION = YES;
				CLANG_WARN_OBJC_IMPLICIT_RETAIN_SELF = YES;
				CLANG_WARN_OBJC_LITERAL_CONVERSION = YES;
				CLANG_WARN_OBJC_ROOT_CLASS = YES_ERROR;
				CLANG_WARN_QUOTED_INCLUDE_IN_FRAMEWORK_HEADER = YES;
				CLANG_WARN_RANGE_LOOP_ANALYSIS = YES;
				CLANG_WARN_STRICT_PROTOTYPES = YES;
				CLANG_WARN_SUSPICIOUS_MOVE = YES;
				CLANG_WARN_UNGUARDED_AVAILABILITY = YES_AGGRESSIVE;
				CLANG_WARN_UNREACHABLE_CODE = YES;
				CLANG_WARN__DUPLICATE_METHOD_MATCH = YES;
				COPY_PHASE_STRIP = NO;
				CURRENT_PROJECT_VERSION = 13;
				DEBUG_INFORMATION_FORMAT = dwarf;
				DEVELOPMENT_TEAM = TYQ32QCF6K;
				ENABLE_STRICT_OBJC_MSGSEND = YES;
				ENABLE_TESTABILITY = YES;
				GCC_C_LANGUAGE_STANDARD = gnu11;
				GCC_DYNAMIC_NO_PIC = NO;
				GCC_NO_COMMON_BLOCKS = YES;
				GCC_OPTIMIZATION_LEVEL = 0;
				GCC_PREPROCESSOR_DEFINITIONS = (
					"$(inherited)",
					"DEBUG=1",
				);
				GCC_WARN_64_TO_32_BIT_CONVERSION = YES;
				GCC_WARN_ABOUT_RETURN_TYPE = YES_ERROR;
				GCC_WARN_UNDECLARED_SELECTOR = YES;
				GCC_WARN_UNINITIALIZED_AUTOS = YES_AGGRESSIVE;
				GCC_WARN_UNUSED_FUNCTION = YES;
				GCC_WARN_UNUSED_VARIABLE = YES;
				IPHONEOS_DEPLOYMENT_TARGET = 17.0;
				MARKETING_VERSION = 1.0.0;
				MTL_ENABLE_DEBUG_INFO = INCLUDE_SOURCE;
				MTL_FAST_MATH = YES;
				ONLY_ACTIVE_ARCH = YES;
				PRODUCT_NAME = "$(TARGET_NAME)";
				SDKROOT = iphoneos;
				SWIFT_ACTIVE_COMPILATION_CONDITIONS = DEBUG;
				SWIFT_OPTIMIZATION_LEVEL = "-Onone";
				SWIFT_VERSION = 5.9;
			};
			name = Debug;
		};
		83405C0ADBC6428DE431EFBD /* Debug */ = {
			isa = XCBuildConfiguration;
			buildSettings = {
				ASSETCATALOG_COMPILER_APPICON_NAME = AppIcon;
				CODE_SIGN_ENTITLEMENTS = PortDeck/PortDeck.entitlements;
				CODE_SIGN_IDENTITY = "iPhone Developer";
				DEVELOPMENT_ASSET_PATHS = "\"PortDeck/Preview Content\"";
				GENERATE_INFOPLIST_FILE = YES;
				INFOPLIST_FILE = PortDeck/Info.plist;
				INFOPLIST_KEY_CFBundleDisplayName = PortOS;
				INFOPLIST_KEY_ITSAppUsesNonExemptEncryption = NO;
				INFOPLIST_KEY_UISupportedInterfaceOrientations = "UIInterfaceOrientationPortrait UIInterfaceOrientationLandscapeLeft UIInterfaceOrientationLandscapeRight";
				INFOPLIST_KEY_UISupportedInterfaceOrientations_iPad = "UIInterfaceOrientationPortrait UIInterfaceOrientationPortraitUpsideDown UIInterfaceOrientationLandscapeLeft UIInterfaceOrientationLandscapeRight";
				LD_RUNPATH_SEARCH_PATHS = (
					"$(inherited)",
					"@executable_path/Frameworks",
				);
				PRODUCT_BUNDLE_IDENTIFIER = net.shadowpuppet.PortDeck;
				SDKROOT = iphoneos;
				TARGETED_DEVICE_FAMILY = "1,2";
			};
			name = Debug;
		};
		98EA19801553CC8C5CFFCEB0 /* Debug */ = {
			isa = XCBuildConfiguration;
			buildSettings = {
				BUNDLE_LOADER = "$(TEST_HOST)";
				GENERATE_INFOPLIST_FILE = YES;
				LD_RUNPATH_SEARCH_PATHS = (
					"$(inherited)",
					"@executable_path/Frameworks",
					"@loader_path/Frameworks",
				);
				PRODUCT_BUNDLE_IDENTIFIER = net.shadowpuppet.PortDeckTests;
				SDKROOT = iphoneos;
				TARGETED_DEVICE_FAMILY = "1,2";
				TEST_HOST = "$(BUILT_PRODUCTS_DIR)/PortDeck.app/$(BUNDLE_EXECUTABLE_FOLDER_PATH)/PortDeck";
			};
			name = Debug;
		};
		C62BEB3E95F8C40EB5E00289 /* Release */ = {
			isa = XCBuildConfiguration;
			buildSettings = {
				ALWAYS_SEARCH_USER_PATHS = NO;
				CLANG_ANALYZER_NONNULL = YES;
				CLANG_ANALYZER_NUMBER_OBJECT_CONVERSION = YES_AGGRESSIVE;
				CLANG_CXX_LANGUAGE_STANDARD = "gnu++14";
				CLANG_CXX_LIBRARY = "libc++";
				CLANG_ENABLE_MODULES = YES;
				CLANG_ENABLE_OBJC_ARC = YES;
				CLANG_ENABLE_OBJC_WEAK = YES;
				CLANG_WARN_BLOCK_CAPTURE_AUTORELEASING = YES;
				CLANG_WARN_BOOL_CONVERSION = YES;
				CLANG_WARN_COMMA = YES;
				CLANG_WARN_CONSTANT_CONVERSION = YES;
				CLANG_WARN_DEPRECATED_OBJC_IMPLEMENTATIONS = YES;
				CLANG_WARN_DIRECT_OBJC_ISA_USAGE = YES_ERROR;
				CLANG_WARN_DOCUMENTATION_COMMENTS = YES;
				CLANG_WARN_EMPTY_BODY = YES;
				CLANG_WARN_ENUM_CONVERSION = YES;
				CLANG_WARN_INFINITE_RECURSION = YES;
				CLANG_WARN_INT_CONVERSION = YES;
				CLANG_WARN_NON_LITERAL_NULL_CONVERSION = YES;
				CLANG_WARN_OBJC_IMPLICIT_RETAIN_SELF = YES;
				CLANG_WARN_OBJC_LITERAL_CONVERSION = YES;
				CLANG_WARN_OBJC_ROOT_CLASS = YES_ERROR;
				CLANG_WARN_QUOTED_INCLUDE_IN_FRAMEWORK_HEADER = YES;
				CLANG_WARN_RANGE_LOOP_ANALYSIS = YES;
				CLANG_WARN_STRICT_PROTOTYPES = YES;
				CLANG_WARN_SUSPICIOUS_MOVE = YES;
				CLANG_WARN_UNGUARDED_AVAILABILITY = YES_AGGRESSIVE;
				CLANG_WARN_UNREACHABLE_CODE = YES;
				CLANG_WARN__DUPLICATE_METHOD_MATCH = YES;
				COPY_PHASE_STRIP = NO;
				CURRENT_PROJECT_VERSION = 13;
				DEBUG_INFORMATION_FORMAT = "dwarf-with-dsym";
				DEVELOPMENT_TEAM = TYQ32QCF6K;
				ENABLE_NS_ASSERTIONS = NO;
				ENABLE_STRICT_OBJC_MSGSEND = YES;
				GCC_C_LANGUAGE_STANDARD = gnu11;
				GCC_NO_COMMON_BLOCKS = YES;
				GCC_WARN_64_TO_32_BIT_CONVERSION = YES;
				GCC_WARN_ABOUT_RETURN_TYPE = YES_ERROR;
				GCC_WARN_UNDECLARED_SELECTOR = YES;
				GCC_WARN_UNINITIALIZED_AUTOS = YES_AGGRESSIVE;
				GCC_WARN_UNUSED_FUNCTION = YES;
				GCC_WARN_UNUSED_VARIABLE = YES;
				IPHONEOS_DEPLOYMENT_TARGET = 17.0;
				MARKETING_VERSION = 1.0.0;
				MTL_ENABLE_DEBUG_INFO = NO;
				MTL_FAST_MATH = YES;
				PRODUCT_NAME = "$(TARGET_NAME)";
				SDKROOT = iphoneos;
				SWIFT_COMPILATION_MODE = wholemodule;
				SWIFT_OPTIMIZATION_LEVEL = "-O";
				SWIFT_VERSION = 5.9;
			};
			name = Release;
		};
		CD10032518923F65D0DC2126 /* Debug */ = {
			isa = XCBuildConfiguration;
			buildSettings = {
				BUNDLE_LOADER = "$(TEST_HOST)";
				GENERATE_INFOPLIST_FILE = YES;
				LD_RUNPATH_SEARCH_PATHS = (
					"$(inherited)",
					"@executable_path/Frameworks",
					"@loader_path/Frameworks",
				);
				PRODUCT_BUNDLE_IDENTIFIER = net.shadowpuppet.PortDeckUITests;
				SDKROOT = iphoneos;
				TARGETED_DEVICE_FAMILY = "1,2";
				TEST_TARGET_NAME = PortDeck;
			};
			name = Debug;
		};
		F3D0F478EAC1EE73FADF846C /* Release */ = {
			isa = XCBuildConfiguration;
			buildSettings = {
				ASSETCATALOG_COMPILER_APPICON_NAME = AppIcon;
				CODE_SIGN_ENTITLEMENTS = PortDeck/PortDeck.entitlements;
				CODE_SIGN_IDENTITY = "iPhone Developer";
				DEVELOPMENT_ASSET_PATHS = "\"PortDeck/Preview Content\"";
				GENERATE_INFOPLIST_FILE = YES;
				INFOPLIST_FILE = PortDeck/Info.plist;
				INFOPLIST_KEY_CFBundleDisplayName = PortOS;
				INFOPLIST_KEY_ITSAppUsesNonExemptEncryption = NO;
				INFOPLIST_KEY_UISupportedInterfaceOrientations = "UIInterfaceOrientationPortrait UIInterfaceOrientationLandscapeLeft UIInterfaceOrientationLandscapeRight";
				INFOPLIST_KEY_UISupportedInterfaceOrientations_iPad = "UIInterfaceOrientationPortrait UIInterfaceOrientationPortraitUpsideDown UIInterfaceOrientationLandscapeLeft UIInterfaceOrientationLandscapeRight";
				LD_RUNPATH_SEARCH_PATHS = (
					"$(inherited)",
					"@executable_path/Frameworks",
				);
				PRODUCT_BUNDLE_IDENTIFIER = net.shadowpuppet.PortDeck;
				SDKROOT = iphoneos;
				TARGETED_DEVICE_FAMILY = "1,2";
			};
			name = Release;
		};
/* End XCBuildConfiguration section */

/* Begin XCConfigurationList section */
		2949DD041EDCB2F5F79E9FDC /* Build configuration list for PBXProject "PortDeck" */ = {
			isa = XCConfigurationList;
			buildConfigurations = (
				42E2767425275371C95A270A /* Debug */,
				C62BEB3E95F8C40EB5E00289 /* Release */,
			);
			defaultConfigurationIsVisible = 0;
			defaultConfigurationName = Debug;
		};
		4209F479410DAA2B02ABB338 /* Build configuration list for PBXNativeTarget "PortDeckUITests" */ = {
			isa = XCConfigurationList;
			buildConfigurations = (
				CD10032518923F65D0DC2126 /* Debug */,
				419AF5DA6242DE42EF9F032D /* Release */,
			);
			defaultConfigurationIsVisible = 0;
			defaultConfigurationName = Debug;
		};
		5F691D1A8DF2E3A32147D3D7 /* Build configuration list for PBXNativeTarget "PortDeckTests" */ = {
			isa = XCConfigurationList;
			buildConfigurations = (
				98EA19801553CC8C5CFFCEB0 /* Debug */,
				2763FFCBAC7C0981EA873391 /* Release */,
			);
			defaultConfigurationIsVisible = 0;
			defaultConfigurationName = Debug;
		};
		A88685F92964735F04D48574 /* Build configuration list for PBXNativeTarget "PortDeck" */ = {
			isa = XCConfigurationList;
			buildConfigurations = (
				83405C0ADBC6428DE431EFBD /* Debug */,
				F3D0F478EAC1EE73FADF846C /* Release */,
			);
			defaultConfigurationIsVisible = 0;
			defaultConfigurationName = Debug;
		};
/* End XCConfigurationList section */
	};
	rootObject = 37341A783EDB4B04CCDB2348 /* Project object */;
}
