// !$*UTF8*$!
{
	archiveVersion = 1;
	classes = {
	};
	objectVersion = 77;
	objects = {

/* Begin PBXBuildFile section */
		050D1BBAE24FB9D72954FB70 /* MemoryModelTests.swift in Sources */ = {isa = PBXBuildFile; fileRef = 33BB54BE67471874573A402F /* MemoryModelTests.swift */; };
		105C295B33519562F9A9321E /* AudioLevelView.swift in Sources */ = {isa = PBXBuildFile; fileRef = CF3134CCC0D5E0B1CFDA8529 /* AudioLevelView.swift */; };
		1A806ACECB04DE6F23AB8027 /* Routes.swift in Sources */ = {isa = PBXBuildFile; fileRef = 4B00D84D7251EC1C65F4F7B4 /* Routes.swift */; };
		1B01470DF8F69B554C43D101 /* ToastView.swift in Sources */ = {isa = PBXBuildFile; fileRef = 55B47D4145180E1C2FD4D7F0 /* ToastView.swift */; };
		2407B98DB5EE725D6F41DEF1 /* EmptyStateView.swift in Sources */ = {isa = PBXBuildFile; fileRef = 37B32ED016204D3017A4DDF6 /* EmptyStateView.swift */; };
		35399E06F82DF7BE6CF76BBE /* DeepLinkHandler.swift in Sources */ = {isa = PBXBuildFile; fileRef = AC5874192CD75A0DD283E840 /* DeepLinkHandler.swift */; };
		3C2DC2CF593C02CA204DA13A /* Router.swift in Sources */ = {isa = PBXBuildFile; fileRef = F19B17703DF9C947E3EDC32E /* Router.swift */; };
		3C6B0BF7A5582D72832A24CC /* MemoryRowView.swift in Sources */ = {isa = PBXBuildFile; fileRef = 311D779844CFA23EB2F21DF5 /* MemoryRowView.swift */; };
		432AC0F9E176366DFED618F1 /* Color+Brand.swift in Sources */ = {isa = PBXBuildFile; fileRef = 869301B362058878833C5118 /* Color+Brand.swift */; };
		4F3FF992EE1020CCC99637CC /* PortOS_RecallUITests.swift in Sources */ = {isa = PBXBuildFile; fileRef = 4F502B7AD930FB7DF27CAC96 /* PortOS_RecallUITests.swift */; };
		5051F5FB8E0926F46FB038AC /* AudioEncryptionTests.swift in Sources */ = {isa = PBXBuildFile; fileRef = 1F1AAFAC8A6490F9FA9B3C72 /* AudioEncryptionTests.swift */; };
		5556F703C1D9D69D464F80E5 /* PortOS_RecallApp.swift in Sources */ = {isa = PBXBuildFile; fileRef = C30666010D7EB31B53D70CD5 /* PortOS_RecallApp.swift */; };
		55A10C2D892C5D901E32AECC /* AnalysisService.swift in Sources */ = {isa = PBXBuildFile; fileRef = 7AAA187529869E49EDE2E207 /* AnalysisService.swift */; };
		593B41BAA995579FC1A01809 /* MemoryListView.swift in Sources */ = {isa = PBXBuildFile; fileRef = C3B57ADA3EB0303F909BB5A8 /* MemoryListView.swift */; };
		5B8AAC1306A27B5179D3FA8A /* AppSettings.swift in Sources */ = {isa = PBXBuildFile; fileRef = 408FB40BCBABCC89E2DE7074 /* AppSettings.swift */; };
		5E4C21300C9A7C15A7BC597B /* ProcessingPipeline.swift in Sources */ = {isa = PBXBuildFile; fileRef = CDC2997F6CADAFA6180908BE /* ProcessingPipeline.swift */; };
		5E5AB6C7E53B098869C9A059 /* Enums.swift in Sources */ = {isa = PBXBuildFile; fileRef = C6BCAB8675623516FF23A352 /* Enums.swift */; };
		61A8BB3DCFC2A97BC41C366A /* Session.swift in Sources */ = {isa = PBXBuildFile; fileRef = E27696D9EECC27B42B1F2F69 /* Session.swift */; };
		61D128652290CC5AE20DF8E5 /* RecallLogger.swift in Sources */ = {isa = PBXBuildFile; fileRef = B447B64CA27B9DC9B77662A8 /* RecallLogger.swift */; };
		66CD85605E62DF3CC800D89E /* RecordingView.swift in Sources */ = {isa = PBXBuildFile; fileRef = 6E261AF9C28A3E22F0581A87 /* RecordingView.swift */; };
		6B265939BE90196E64CA370A /* Memory.swift in Sources */ = {isa = PBXBuildFile; fileRef = 0A2727DCA275A1169752172C /* Memory.swift */; };
		7D1F6F6BEBB57DA94B059E26 /* SessionListView.swift in Sources */ = {isa = PBXBuildFile; fileRef = 296DCDC8F769B459D860CF20 /* SessionListView.swift */; };
		7EDA914DA09CA1ED85BDBA94 /* ToastModifier.swift in Sources */ = {isa = PBXBuildFile; fileRef = 3170897FC9B0031FD793CFC5 /* ToastModifier.swift */; };
		84BFCF379CE1EA486CAAE5BB /* Assets.xcassets in Resources */ = {isa = PBXBuildFile; fileRef = 314271EC7BED1EE1D2EA8FE0 /* Assets.xcassets */; };
		8749D2E593F5272C03C8C334 /* PreviewSampleData.swift in Sources */ = {isa = PBXBuildFile; fileRef = 1956D835D044B1C6AF8EC2E9 /* PreviewSampleData.swift */; };
		9B80969ACEE908A176B83633 /* SessionModelTests.swift in Sources */ = {isa = PBXBuildFile; fileRef = D4E1A9A5577E8B20A5831A94 /* SessionModelTests.swift */; };
		9B93767C287ECFCA3A72066F /* Date+Formatting.swift in Sources */ = {isa = PBXBuildFile; fileRef = 9B36E618F87052A77395727A /* Date+Formatting.swift */; };
		A304EC1CCC1CC5C6A5FBB286 /* TimeInterval+Formatting.swift in Sources */ = {isa = PBXBuildFile; fileRef = 05E141365A1C140C12870C6F /* TimeInterval+Formatting.swift */; };
		A3F155543B5C92354DEBABA2 /* AudioRecorder.swift in Sources */ = {isa = PBXBuildFile; fileRef = 6B09334FE20278CE77EA851C /* AudioRecorder.swift */; };
		ACBC057AE45611386831B452 /* SessionDetailView.swift in Sources */ = {isa = PBXBuildFile; fileRef = D45AC1853E7A6C6054A5E792 /* SessionDetailView.swift */; };
		B1531A7F242F9641A6C1FABB /* TranscriptionService.swift in Sources */ = {isa = PBXBuildFile; fileRef = A0D4AF2E135DEFFD4C0B96DF /* TranscriptionService.swift */; };
		B1647320887CD8E8CA1C1755 /* ConfirmationDialog.swift in Sources */ = {isa = PBXBuildFile; fileRef = A550973D7ACC1DE078B5AA0E /* ConfirmationDialog.swift */; };
		C18A8D7CFBB499FEC002D1BC /* SessionRowView.swift in Sources */ = {isa = PBXBuildFile; fileRef = BB9BAA1385D6F99DCFEB1EDD /* SessionRowView.swift */; };
		C53D4F5FEEABC5F2914F4A29 /* MemoryExtractor.swift in Sources */ = {isa = PBXBuildFile; fileRef = 9769EF766125856B620939F6 /* MemoryExtractor.swift */; };
		D4D678801F361854851AAE5E /* AudioPlaybackView.swift in Sources */ = {isa = PBXBuildFile; fileRef = E7692B2B3EF5823C2416E3B0 /* AudioPlaybackView.swift */; };
		D5A8610C3856712BD7AB556D /* Participant.swift in Sources */ = {isa = PBXBuildFile; fileRef = 34FACF3754C07A5F9FEB766A /* Participant.swift */; };
		E0C4D5EE4114D410D19E0CC3 /* SettingsView.swift in Sources */ = {isa = PBXBuildFile; fileRef = BD54F5A4CB5729126E586BCA /* SettingsView.swift */; };
		E501F1C4D8674389E1B37EDA /* AnalysisServiceTests.swift in Sources */ = {isa = PBXBuildFile; fileRef = 90A88510B9F04B9E6CFAD2F8 /* AnalysisServiceTests.swift */; };
		E8A8919D187A5E37FA3917F7 /* BackgroundTaskManager.swift in Sources */ = {isa = PBXBuildFile; fileRef = 19504F51094B4F26BFF5CF05 /* BackgroundTaskManager.swift */; };
		EA624F8E4AA3C8DE13D5F712 /* AudioEncryption.swift in Sources */ = {isa = PBXBuildFile; fileRef = FE7E692BF7148CF6F90A5E3E /* AudioEncryption.swift */; };
		EED99D5BDF518ABFC86C622E /* View+Toast.swift in Sources */ = {isa = PBXBuildFile; fileRef = 85885490B82FEE542BCCF3BD /* View+Toast.swift */; };
		F5F532B1896591623873F684 /* RecordingIndicator.swift in Sources */ = {isa = PBXBuildFile; fileRef = 1317F988D21269FBDAA1B05E /* RecordingIndicator.swift */; };
		FE6B43652B43A7B62029EAB0 /* MemoryExtractorTests.swift in Sources */ = {isa = PBXBuildFile; fileRef = 036D064D2277ED792275D43D /* MemoryExtractorTests.swift */; };
		FE8D77B7A4FD9E4254331F7A /* AudioPlayer.swift in Sources */ = {isa = PBXBuildFile; fileRef = 79E9255FF1E1E25D49228AA2 /* AudioPlayer.swift */; };
/* End PBXBuildFile section */

/* Begin PBXContainerItemProxy section */
		487A258087877A7DBC07757C /* PBXContainerItemProxy */ = {
			isa = PBXContainerItemProxy;
			containerPortal = 4BBA618E440BA90E1E82D4D9 /* Project object */;
			proxyType = 1;
			remoteGlobalIDString = 799DC9BDE4E1F9A7EA6B59F6;
			remoteInfo = PortOS_Recall;
		};
		D9CAB71A4FB1F2D896974572 /* PBXContainerItemProxy */ = {
			isa = PBXContainerItemProxy;
			containerPortal = 4BBA618E440BA90E1E82D4D9 /* Project object */;
			proxyType = 1;
			remoteGlobalIDString = 799DC9BDE4E1F9A7EA6B59F6;
			remoteInfo = PortOS_Recall;
		};
/* End PBXContainerItemProxy section */

/* Begin PBXFileReference section */
		036D064D2277ED792275D43D /* MemoryExtractorTests.swift */ = {isa = PBXFileReference; lastKnownFileType = sourcecode.swift; path = MemoryExtractorTests.swift; sourceTree = "<group>"; };
		05E141365A1C140C12870C6F /* TimeInterval+Formatting.swift */ = {isa = PBXFileReference; lastKnownFileType = sourcecode.swift; path = "TimeInterval+Formatting.swift"; sourceTree = "<group>"; };
		0A2727DCA275A1169752172C /* Memory.swift */ = {isa = PBXFileReference; lastKnownFileType = sourcecode.swift; path = Memory.swift; sourceTree = "<group>"; };
		1317F988D21269FBDAA1B05E /* RecordingIndicator.swift */ = {isa = PBXFileReference; lastKnownFileType = sourcecode.swift; path = RecordingIndicator.swift; sourceTree = "<group>"; };
		19504F51094B4F26BFF5CF05 /* BackgroundTaskManager.swift */ = {isa = PBXFileReference; lastKnownFileType = sourcecode.swift; path = BackgroundTaskManager.swift; sourceTree = "<group>"; };
		1956D835D044B1C6AF8EC2E9 /* PreviewSampleData.swift */ = {isa = PBXFileReference; lastKnownFileType = sourcecode.swift; path = PreviewSampleData.swift; sourceTree = "<group>"; };
		1F1AAFAC8A6490F9FA9B3C72 /* AudioEncryptionTests.swift */ = {isa = PBXFileReference; lastKnownFileType = sourcecode.swift; path = AudioEncryptionTests.swift; sourceTree = "<group>"; };
		296DCDC8F769B459D860CF20 /* SessionListView.swift */ = {isa = PBXFileReference; lastKnownFileType = sourcecode.swift; path = SessionListView.swift; sourceTree = "<group>"; };
		311D779844CFA23EB2F21DF5 /* MemoryRowView.swift */ = {isa = PBXFileReference; lastKnownFileType = sourcecode.swift; path = MemoryRowView.swift; sourceTree = "<group>"; };
		314271EC7BED1EE1D2EA8FE0 /* Assets.xcassets */ = {isa = PBXFileReference; lastKnownFileType = folder.assetcatalog; path = Assets.xcassets; sourceTree = "<group>"; };
		3170897FC9B0031FD793CFC5 /* ToastModifier.swift */ = {isa = PBXFileReference; lastKnownFileType = sourcecode.swift; path = ToastModifier.swift; sourceTree = "<group>"; };
		33BB54BE67471874573A402F /* MemoryModelTests.swift */ = {isa = PBXFileReference; lastKnownFileType = sourcecode.swift; path = MemoryModelTests.swift; sourceTree = "<group>"; };
		34FACF3754C07A5F9FEB766A /* Participant.swift */ = {isa = PBXFileReference; lastKnownFileType = sourcecode.swift; path = Participant.swift; sourceTree = "<group>"; };
		37B32ED016204D3017A4DDF6 /* EmptyStateView.swift */ = {isa = PBXFileReference; lastKnownFileType = sourcecode.swift; path = EmptyStateView.swift; sourceTree = "<group>"; };
		408FB40BCBABCC89E2DE7074 /* AppSettings.swift */ = {isa = PBXFileReference; lastKnownFileType = sourcecode.swift; path = AppSettings.swift; sourceTree = "<group>"; };
		428A5BCA2A44E2820C7E35AB /* PortOS_RecallUITests.xctest */ = {isa = PBXFileReference; includeInIndex = 0; lastKnownFileType = wrapper.cfbundle; path = PortOS_RecallUITests.xctest; sourceTree = BUILT_PRODUCTS_DIR; };
		431BC2ACA5F9F2E7A454FC56 /* PreviewAssets.xcassets */ = {isa = PBXFileReference; lastKnownFileType = folder.assetcatalog; path = PreviewAssets.xcassets; sourceTree = "<group>"; };
		4B00D84D7251EC1C65F4F7B4 /* Routes.swift */ = {isa = PBXFileReference; lastKnownFileType = sourcecode.swift; path = Routes.swift; sourceTree = "<group>"; };
		4F502B7AD930FB7DF27CAC96 /* PortOS_RecallUITests.swift */ = {isa = PBXFileReference; lastKnownFileType = sourcecode.swift; path = PortOS_RecallUITests.swift; sourceTree = "<group>"; };
		55B47D4145180E1C2FD4D7F0 /* ToastView.swift */ = {isa = PBXFileReference; lastKnownFileType = sourcecode.swift; path = ToastView.swift; sourceTree = "<group>"; };
		5EE2BA293F599FD69F725FE4 /* PortOS_Recall.app */ = {isa = PBXFileReference; includeInIndex = 0; lastKnownFileType = wrapper.application; path = PortOS_Recall.app; sourceTree = BUILT_PRODUCTS_DIR; };
		6B09334FE20278CE77EA851C /* AudioRecorder.swift */ = {isa = PBXFileReference; lastKnownFileType = sourcecode.swift; path = AudioRecorder.swift; sourceTree = "<group>"; };
		6E261AF9C28A3E22F0581A87 /* RecordingView.swift */ = {isa = PBXFileReference; lastKnownFileType = sourcecode.swift; path = RecordingView.swift; sourceTree = "<group>"; };
		79E9255FF1E1E25D49228AA2 /* AudioPlayer.swift */ = {isa = PBXFileReference; lastKnownFileType = sourcecode.swift; path = AudioPlayer.swift; sourceTree = "<group>"; };
		7AAA187529869E49EDE2E207 /* AnalysisService.swift */ = {isa = PBXFileReference; lastKnownFileType = sourcecode.swift; path = AnalysisService.swift; sourceTree = "<group>"; };
		85885490B82FEE542BCCF3BD /* View+Toast.swift */ = {isa = PBXFileReference; lastKnownFileType = sourcecode.swift; path = "View+Toast.swift"; sourceTree = "<group>"; };
		869301B362058878833C5118 /* Color+Brand.swift */ = {isa = PBXFileReference; lastKnownFileType = sourcecode.swift; path = "Color+Brand.swift"; sourceTree = "<group>"; };
		90A88510B9F04B9E6CFAD2F8 /* AnalysisServiceTests.swift */ = {isa = PBXFileReference; lastKnownFileType = sourcecode.swift; path = AnalysisServiceTests.swift; sourceTree = "<group>"; };
		9769EF766125856B620939F6 /* MemoryExtractor.swift */ = {isa = PBXFileReference; lastKnownFileType = sourcecode.swift; path = MemoryExtractor.swift; sourceTree = "<group>"; };
		9B36E618F87052A77395727A /* Date+Formatting.swift */ = {isa = PBXFileReference; lastKnownFileType = sourcecode.swift; path = "Date+Formatting.swift"; sourceTree = "<group>"; };
		A0D4AF2E135DEFFD4C0B96DF /* TranscriptionService.swift */ = {isa = PBXFileReference; lastKnownFileType = sourcecode.swift; path = TranscriptionService.swift; sourceTree = "<group>"; };
		A550973D7ACC1DE078B5AA0E /* ConfirmationDialog.swift */ = {isa = PBXFileReference; lastKnownFileType = sourcecode.swift; path = ConfirmationDialog.swift; sourceTree = "<group>"; };
		AC5874192CD75A0DD283E840 /* DeepLinkHandler.swift */ = {isa = PBXFileReference; lastKnownFileType = sourcecode.swift; path = DeepLinkHandler.swift; sourceTree = "<group>"; };
		AFDAA63ED020B963051D0BD6 /* Info.plist */ = {isa = PBXFileReference; lastKnownFileType = text.plist; path = Info.plist; sourceTree = "<group>"; };
		B447B64CA27B9DC9B77662A8 /* RecallLogger.swift */ = {isa = PBXFileReference; lastKnownFileType = sourcecode.swift; path = RecallLogger.swift; sourceTree = "<group>"; };
		BB9BAA1385D6F99DCFEB1EDD /* SessionRowView.swift */ = {isa = PBXFileReference; lastKnownFileType = sourcecode.swift; path = SessionRowView.swift; sourceTree = "<group>"; };
		BD54F5A4CB5729126E586BCA /* SettingsView.swift */ = {isa = PBXFileReference; lastKnownFileType = sourcecode.swift; path = SettingsView.swift; sourceTree = "<group>"; };
		C30666010D7EB31B53D70CD5 /* PortOS_RecallApp.swift */ = {isa = PBXFileReference; lastKnownFileType = sourcecode.swift; path = PortOS_RecallApp.swift; sourceTree = "<group>"; };
		C3B57ADA3EB0303F909BB5A8 /* MemoryListView.swift */ = {isa = PBXFileReference; lastKnownFileType = sourcecode.swift; path = MemoryListView.swift; sourceTree = "<group>"; };
		C6BCAB8675623516FF23A352 /* Enums.swift */ = {isa = PBXFileReference; lastKnownFileType = sourcecode.swift; path = Enums.swift; sourceTree = "<group>"; };
		CDC2997F6CADAFA6180908BE /* ProcessingPipeline.swift */ = {isa = PBXFileReference; lastKnownFileType = sourcecode.swift; path = ProcessingPipeline.swift; sourceTree = "<group>"; };
		CF3134CCC0D5E0B1CFDA8529 /* AudioLevelView.swift */ = {isa = PBXFileReference; lastKnownFileType = sourcecode.swift; path = AudioLevelView.swift; sourceTree = "<group>"; };
		D45AC1853E7A6C6054A5E792 /* SessionDetailView.swift */ = {isa = PBXFileReference; lastKnownFileType = sourcecode.swift; path = SessionDetailView.swift; sourceTree = "<group>"; };
		D4E1A9A5577E8B20A5831A94 /* SessionModelTests.swift */ = {isa = PBXFileReference; lastKnownFileType = sourcecode.swift; path = SessionModelTests.swift; sourceTree = "<group>"; };
		E029E3BA951504BD42F13BC8 /* PortOS_Recall.entitlements */ = {isa = PBXFileReference; lastKnownFileType = text.plist.entitlements; path = PortOS_Recall.entitlements; sourceTree = "<group>"; };
		E27696D9EECC27B42B1F2F69 /* Session.swift */ = {isa = PBXFileReference; lastKnownFileType = sourcecode.swift; path = Session.swift; sourceTree = "<group>"; };
		E7692B2B3EF5823C2416E3B0 /* AudioPlaybackView.swift */ = {isa = PBXFileReference; lastKnownFileType = sourcecode.swift; path = AudioPlaybackView.swift; sourceTree = "<group>"; };
		F19B17703DF9C947E3EDC32E /* Router.swift */ = {isa = PBXFileReference; lastKnownFileType = sourcecode.swift; path = Router.swift; sourceTree = "<group>"; };
		FA2DF897F7F99AB18B9A3135 /* PortOS_RecallTests.xctest */ = {isa = PBXFileReference; includeInIndex = 0; lastKnownFileType = wrapper.cfbundle; path = PortOS_RecallTests.xctest; sourceTree = BUILT_PRODUCTS_DIR; };
		FE7E692BF7148CF6F90A5E3E /* AudioEncryption.swift */ = {isa = PBXFileReference; lastKnownFileType = sourcecode.swift; path = AudioEncryption.swift; sourceTree = "<group>"; };
/* End PBXFileReference section */

/* Begin PBXGroup section */
		01A9B0DE6197DDBA3514AB18 /* Views */ = {
			isa = PBXGroup;
			children = (
				BF87BC2999267C07E862CA9D /* Components */,
				8C70237B7B2873402ED2D558 /* Memories */,
				DE4636CA37D3DEFF06FA989A /* Sessions */,
				8465C6EDCD490032A52197E1 /* Settings */,
			);
			path = Views;
			sourceTree = "<group>";
		};
		3340C0C075FFBF1C81BFE98D /* PortOS_RecallTests */ = {
			isa = PBXGroup;
			children = (
				90A88510B9F04B9E6CFAD2F8 /* AnalysisServiceTests.swift */,
				1F1AAFAC8A6490F9FA9B3C72 /* AudioEncryptionTests.swift */,
				036D064D2277ED792275D43D /* MemoryExtractorTests.swift */,
				33BB54BE67471874573A402F /* MemoryModelTests.swift */,
				D4E1A9A5577E8B20A5831A94 /* SessionModelTests.swift */,
			);
			path = PortOS_RecallTests;
			sourceTree = "<group>";
		};
		5675ACFF621323D5195C71E3 /* Models */ = {
			isa = PBXGroup;
			children = (
				408FB40BCBABCC89E2DE7074 /* AppSettings.swift */,
				C6BCAB8675623516FF23A352 /* Enums.swift */,
				0A2727DCA275A1169752172C /* Memory.swift */,
				34FACF3754C07A5F9FEB766A /* Participant.swift */,
				E27696D9EECC27B42B1F2F69 /* Session.swift */,
			);
			path = Models;
			sourceTree = "<group>";
		};
		5BF02E6AEE82369DA24D6FFB /* Preview Content */ = {
			isa = PBXGroup;
			children = (
				431BC2ACA5F9F2E7A454FC56 /* PreviewAssets.xcassets */,
			);
			path = "Preview Content";
			sourceTree = "<group>";
		};
		709E4B70AA8E250F3154121E /* PortOS_RecallUITests */ = {
			isa = PBXGroup;
			children = (
				4F502B7AD930FB7DF27CAC96 /* PortOS_RecallUITests.swift */,
			);
			path = PortOS_RecallUITests;
			sourceTree = "<group>";
		};
		7A76AC28A878654BAC1A0360 = {
			isa = PBXGroup;
			children = (
				CC2D6E7F3135B2E09458EE81 /* PortOS_Recall */,
				3340C0C075FFBF1C81BFE98D /* PortOS_RecallTests */,
				709E4B70AA8E250F3154121E /* PortOS_RecallUITests */,
				E4C961E85FDD2F13E2318FA2 /* Products */,
			);
			sourceTree = "<group>";
		};
		8465C6EDCD490032A52197E1 /* Settings */ = {
			isa = PBXGroup;
			children = (
				BD54F5A4CB5729126E586BCA /* SettingsView.swift */,
			);
			path = Settings;
			sourceTree = "<group>";
		};
		8C70237B7B2873402ED2D558 /* Memories */ = {
			isa = PBXGroup;
			children = (
				C3B57ADA3EB0303F909BB5A8 /* MemoryListView.swift */,
				311D779844CFA23EB2F21DF5 /* MemoryRowView.swift */,
			);
			path = Memories;
			sourceTree = "<group>";
		};
		BE3F1E2B3FAC51499D797AC5 /* Navigation */ = {
			isa = PBXGroup;
			children = (
				AC5874192CD75A0DD283E840 /* DeepLinkHandler.swift */,
				F19B17703DF9C947E3EDC32E /* Router.swift */,
				4B00D84D7251EC1C65F4F7B4 /* Routes.swift */,
			);
			path = Navigation;
			sourceTree = "<group>";
		};
		BF87BC2999267C07E862CA9D /* Components */ = {
			isa = PBXGroup;
			children = (
				CF3134CCC0D5E0B1CFDA8529 /* AudioLevelView.swift */,
				A550973D7ACC1DE078B5AA0E /* ConfirmationDialog.swift */,
				37B32ED016204D3017A4DDF6 /* EmptyStateView.swift */,
				1317F988D21269FBDAA1B05E /* RecordingIndicator.swift */,
				3170897FC9B0031FD793CFC5 /* ToastModifier.swift */,
				55B47D4145180E1C2FD4D7F0 /* ToastView.swift */,
			);
			path = Components;
			sourceTree = "<group>";
		};
		C5A3E76E19FEB3AAE63F2832 /* Extensions */ = {
			isa = PBXGroup;
			children = (
				869301B362058878833C5118 /* Color+Brand.swift */,
				9B36E618F87052A77395727A /* Date+Formatting.swift */,
				05E141365A1C140C12870C6F /* TimeInterval+Formatting.swift */,
				85885490B82FEE542BCCF3BD /* View+Toast.swift */,
			);
			path = Extensions;
			sourceTree = "<group>";
		};
		CC2D6E7F3135B2E09458EE81 /* PortOS_Recall */ = {
			isa = PBXGroup;
			children = (
				314271EC7BED1EE1D2EA8FE0 /* Assets.xcassets */,
				AFDAA63ED020B963051D0BD6 /* Info.plist */,
				E029E3BA951504BD42F13BC8 /* PortOS_Recall.entitlements */,
				C30666010D7EB31B53D70CD5 /* PortOS_RecallApp.swift */,
				C5A3E76E19FEB3AAE63F2832 /* Extensions */,
				5675ACFF621323D5195C71E3 /* Models */,
				BE3F1E2B3FAC51499D797AC5 /* Navigation */,
				5BF02E6AEE82369DA24D6FFB /* Preview Content */,
				F6053EBF157D6218D4805790 /* Services */,
				01A9B0DE6197DDBA3514AB18 /* Views */,
			);
			path = PortOS_Recall;
			sourceTree = "<group>";
		};
		DE4636CA37D3DEFF06FA989A /* Sessions */ = {
			isa = PBXGroup;
			children = (
				E7692B2B3EF5823C2416E3B0 /* AudioPlaybackView.swift */,
				6E261AF9C28A3E22F0581A87 /* RecordingView.swift */,
				D45AC1853E7A6C6054A5E792 /* SessionDetailView.swift */,
				296DCDC8F769B459D860CF20 /* SessionListView.swift */,
				BB9BAA1385D6F99DCFEB1EDD /* SessionRowView.swift */,
			);
			path = Sessions;
			sourceTree = "<group>";
		};
		E4C961E85FDD2F13E2318FA2 /* Products */ = {
			isa = PBXGroup;
			children = (
				5EE2BA293F599FD69F725FE4 /* PortOS_Recall.app */,
				FA2DF897F7F99AB18B9A3135 /* PortOS_RecallTests.xctest */,
				428A5BCA2A44E2820C7E35AB /* PortOS_RecallUITests.xctest */,
			);
			name = Products;
			sourceTree = "<group>";
		};
		F6053EBF157D6218D4805790 /* Services */ = {
			isa = PBXGroup;
			children = (
				7AAA187529869E49EDE2E207 /* AnalysisService.swift */,
				FE7E692BF7148CF6F90A5E3E /* AudioEncryption.swift */,
				79E9255FF1E1E25D49228AA2 /* AudioPlayer.swift */,
				6B09334FE20278CE77EA851C /* AudioRecorder.swift */,
				19504F51094B4F26BFF5CF05 /* BackgroundTaskManager.swift */,
				9769EF766125856B620939F6 /* MemoryExtractor.swift */,
				1956D835D044B1C6AF8EC2E9 /* PreviewSampleData.swift */,
				CDC2997F6CADAFA6180908BE /* ProcessingPipeline.swift */,
				B447B64CA27B9DC9B77662A8 /* RecallLogger.swift */,
				A0D4AF2E135DEFFD4C0B96DF /* TranscriptionService.swift */,
			);
			path = Services;
			sourceTree = "<group>";
		};
/* End PBXGroup section */

/* Begin PBXNativeTarget section */
		0C502170F1DD2D2C972A021F /* PortOS_RecallTests */ = {
			isa = PBXNativeTarget;
			buildConfigurationList = 2857F0AD5719E1E9BC7D00A2 /* Build configuration list for PBXNativeTarget "PortOS_RecallTests" */;
			buildPhases = (
				4A69D2FE544B837B29160225 /* Sources */,
			);
			buildRules = (
			);
			dependencies = (
				E7C92B02C24AE43061572D47 /* PBXTargetDependency */,
			);
			name = PortOS_RecallTests;
			packageProductDependencies = (
			);
			productName = PortOS_RecallTests;
			productReference = FA2DF897F7F99AB18B9A3135 /* PortOS_RecallTests.xctest */;
			productType = "com.apple.product-type.bundle.unit-test";
		};
		270E66A4C5114880CC3E9F62 /* PortOS_RecallUITests */ = {
			isa = PBXNativeTarget;
			buildConfigurationList = 4C9A399561926D1FC6E0B430 /* Build configuration list for PBXNativeTarget "PortOS_RecallUITests" */;
			buildPhases = (
				D1D3CD6A2383C1CF59E3C29E /* Sources */,
			);
			buildRules = (
			);
			dependencies = (
				2E4DA29DEFC68E27DA27E55E /* PBXTargetDependency */,
			);
			name = PortOS_RecallUITests;
			packageProductDependencies = (
			);
			productName = PortOS_RecallUITests;
			productReference = 428A5BCA2A44E2820C7E35AB /* PortOS_RecallUITests.xctest */;
			productType = "com.apple.product-type.bundle.ui-testing";
		};
		799DC9BDE4E1F9A7EA6B59F6 /* PortOS_Recall */ = {
			isa = PBXNativeTarget;
			buildConfigurationList = 87AFD393AA9F3FE61BB44F00 /* Build configuration list for PBXNativeTarget "PortOS_Recall" */;
			buildPhases = (
				E8C3EEA17B59AEC9E202ACDC /* Sources */,
				B1129E1F2E5BE35BA8CC6052 /* Resources */,
			);
			buildRules = (
			);
			dependencies = (
			);
			name = PortOS_Recall;
			packageProductDependencies = (
			);
			productName = PortOS_Recall;
			productReference = 5EE2BA293F599FD69F725FE4 /* PortOS_Recall.app */;
			productType = "com.apple.product-type.application";
		};
/* End PBXNativeTarget section */

/* Begin PBXProject section */
		4BBA618E440BA90E1E82D4D9 /* Project object */ = {
			isa = PBXProject;
			attributes = {
				BuildIndependentTargetsInParallel = YES;
				LastUpgradeCheck = 1600;
				TargetAttributes = {
					0C502170F1DD2D2C972A021F = {
						DevelopmentTeam = TYQ32QCF6K;
					};
					270E66A4C5114880CC3E9F62 = {
						DevelopmentTeam = TYQ32QCF6K;
						TestTargetID = 799DC9BDE4E1F9A7EA6B59F6;
					};
					799DC9BDE4E1F9A7EA6B59F6 = {
						DevelopmentTeam = TYQ32QCF6K;
					};
				};
			};
			buildConfigurationList = 23EE7EB2F1E150A9DB0227BE /* Build configuration list for PBXProject "PortOS_Recall" */;
			developmentRegion = en;
			hasScannedForEncodings = 0;
			knownRegions = (
				Base,
				en,
			);
			mainGroup = 7A76AC28A878654BAC1A0360;
			minimizedProjectReferenceProxies = 1;
			preferredProjectObjectVersion = 77;
			productRefGroup = E4C961E85FDD2F13E2318FA2 /* Products */;
			projectDirPath = "";
			projectRoot = "";
			targets = (
				799DC9BDE4E1F9A7EA6B59F6 /* PortOS_Recall */,
				0C502170F1DD2D2C972A021F /* PortOS_RecallTests */,
				270E66A4C5114880CC3E9F62 /* PortOS_RecallUITests */,
			);
		};
/* End PBXProject section */

/* Begin PBXResourcesBuildPhase section */
		B1129E1F2E5BE35BA8CC6052 /* Resources */ = {
			isa = PBXResourcesBuildPhase;
			buildActionMask = 2147483647;
			files = (
				84BFCF379CE1EA486CAAE5BB /* Assets.xcassets in Resources */,
			);
			runOnlyForDeploymentPostprocessing = 0;
		};
/* End PBXResourcesBuildPhase section */

/* Begin PBXSourcesBuildPhase section */
		4A69D2FE544B837B29160225 /* Sources */ = {
			isa = PBXSourcesBuildPhase;
			buildActionMask = 2147483647;
			files = (
				E501F1C4D8674389E1B37EDA /* AnalysisServiceTests.swift in Sources */,
				5051F5FB8E0926F46FB038AC /* AudioEncryptionTests.swift in Sources */,
				FE6B43652B43A7B62029EAB0 /* MemoryExtractorTests.swift in Sources */,
				050D1BBAE24FB9D72954FB70 /* MemoryModelTests.swift in Sources */,
				9B80969ACEE908A176B83633 /* SessionModelTests.swift in Sources */,
			);
			runOnlyForDeploymentPostprocessing = 0;
		};
		D1D3CD6A2383C1CF59E3C29E /* Sources */ = {
			isa = PBXSourcesBuildPhase;
			buildActionMask = 2147483647;
			files = (
				4F3FF992EE1020CCC99637CC /* PortOS_RecallUITests.swift in Sources */,
			);
			runOnlyForDeploymentPostprocessing = 0;
		};
		E8C3EEA17B59AEC9E202ACDC /* Sources */ = {
			isa = PBXSourcesBuildPhase;
			buildActionMask = 2147483647;
			files = (
				55A10C2D892C5D901E32AECC /* AnalysisService.swift in Sources */,
				5B8AAC1306A27B5179D3FA8A /* AppSettings.swift in Sources */,
				EA624F8E4AA3C8DE13D5F712 /* AudioEncryption.swift in Sources */,
				105C295B33519562F9A9321E /* AudioLevelView.swift in Sources */,
				D4D678801F361854851AAE5E /* AudioPlaybackView.swift in Sources */,
				FE8D77B7A4FD9E4254331F7A /* AudioPlayer.swift in Sources */,
				A3F155543B5C92354DEBABA2 /* AudioRecorder.swift in Sources */,
				E8A8919D187A5E37FA3917F7 /* BackgroundTaskManager.swift in Sources */,
				432AC0F9E176366DFED618F1 /* Color+Brand.swift in Sources */,
				B1647320887CD8E8CA1C1755 /* ConfirmationDialog.swift in Sources */,
				9B93767C287ECFCA3A72066F /* Date+Formatting.swift in Sources */,
				35399E06F82DF7BE6CF76BBE /* DeepLinkHandler.swift in Sources */,
				2407B98DB5EE725D6F41DEF1 /* EmptyStateView.swift in Sources */,
				5E5AB6C7E53B098869C9A059 /* Enums.swift in Sources */,
				6B265939BE90196E64CA370A /* Memory.swift in Sources */,
				C53D4F5FEEABC5F2914F4A29 /* MemoryExtractor.swift in Sources */,
				593B41BAA995579FC1A01809 /* MemoryListView.swift in Sources */,
				3C6B0BF7A5582D72832A24CC /* MemoryRowView.swift in Sources */,
				D5A8610C3856712BD7AB556D /* Participant.swift in Sources */,
				5556F703C1D9D69D464F80E5 /* PortOS_RecallApp.swift in Sources */,
				8749D2E593F5272C03C8C334 /* PreviewSampleData.swift in Sources */,
				5E4C21300C9A7C15A7BC597B /* ProcessingPipeline.swift in Sources */,
				61D128652290CC5AE20DF8E5 /* RecallLogger.swift in Sources */,
				F5F532B1896591623873F684 /* RecordingIndicator.swift in Sources */,
				66CD85605E62DF3CC800D89E /* RecordingView.swift in Sources */,
				3C2DC2CF593C02CA204DA13A /* Router.swift in Sources */,
				1A806ACECB04DE6F23AB8027 /* Routes.swift in Sources */,
				61A8BB3DCFC2A97BC41C366A /* Session.swift in Sources */,
				ACBC057AE45611386831B452 /* SessionDetailView.swift in Sources */,
				7D1F6F6BEBB57DA94B059E26 /* SessionListView.swift in Sources */,
				C18A8D7CFBB499FEC002D1BC /* SessionRowView.swift in Sources */,
				E0C4D5EE4114D410D19E0CC3 /* SettingsView.swift in Sources */,
				A304EC1CCC1CC5C6A5FBB286 /* TimeInterval+Formatting.swift in Sources */,
				7EDA914DA09CA1ED85BDBA94 /* ToastModifier.swift in Sources */,
				1B01470DF8F69B554C43D101 /* ToastView.swift in Sources */,
				B1531A7F242F9641A6C1FABB /* TranscriptionService.swift in Sources */,
				EED99D5BDF518ABFC86C622E /* View+Toast.swift in Sources */,
			);
			runOnlyForDeploymentPostprocessing = 0;
		};
/* End PBXSourcesBuildPhase section */

/* Begin PBXTargetDependency section */
		2E4DA29DEFC68E27DA27E55E /* PBXTargetDependency */ = {
			isa = PBXTargetDependency;
			target = 799DC9BDE4E1F9A7EA6B59F6 /* PortOS_Recall */;
			targetProxy = D9CAB71A4FB1F2D896974572 /* PBXContainerItemProxy */;
		};
		E7C92B02C24AE43061572D47 /* PBXTargetDependency */ = {
			isa = PBXTargetDependency;
			target = 799DC9BDE4E1F9A7EA6B59F6 /* PortOS_Recall */;
			targetProxy = 487A258087877A7DBC07757C /* PBXContainerItemProxy */;
		};
/* End PBXTargetDependency section */

/* Begin XCBuildConfiguration section */
		38BB959027BD5CF4CFAA058F /* Release */ = {
			isa = XCBuildConfiguration;
			buildSettings = {
				ALWAYS_SEARCH_USER_PATHS = NO;
				CLANG_ANALYZER_NONNULL = YES;
				CLANG_ANALYZER_NUMBER_OBJECT_CONVERSION = YES_AGGRESSIVE;
				CLANG_CXX_LANGUAGE_STANDARD = "gnu++14";
				CLANG_CXX_LIBRARY = "libc++";
				CLANG_ENABLE_MODULES = YES;
				CLANG_ENABLE_OBJC_ARC = YES;
				CLANG_ENABLE_OBJC_WEAK = YES;
				CLANG_WARN_BLOCK_CAPTURE_AUTORELEASING = YES;
				CLANG_WARN_BOOL_CONVERSION = YES;
				CLANG_WARN_COMMA = YES;
				CLANG_WARN_CONSTANT_CONVERSION = YES;
				CLANG_WARN_DEPRECATED_OBJC_IMPLEMENTATIONS = YES;
				CLANG_WARN_DIRECT_OBJC_ISA_USAGE = YES_ERROR;
				CLANG_WARN_DOCUMENTATION_COMMENTS = YES;
				CLANG_WARN_EMPTY_BODY = YES;
				CLANG_WARN_ENUM_CONVERSION = YES;
				CLANG_WARN_INFINITE_RECURSION = YES;
				CLANG_WARN_INT_CONVERSION = YES;
				CLANG_WARN_NON_LITERAL_NULL_CONVERSION = YES;
				CLANG_WARN_OBJC_IMPLICIT_RETAIN_SELF = YES;
				CLANG_WARN_OBJC_LITERAL_CONVERSION = YES;
				CLANG_WARN_OBJC_ROOT_CLASS = YES_ERROR;
				CLANG_WARN_QUOTED_INCLUDE_IN_FRAMEWORK_HEADER = YES;
				CLANG_WARN_RANGE_LOOP_ANALYSIS = YES;
				CLANG_WARN_STRICT_PROTOTYPES = YES;
				CLANG_WARN_SUSPICIOUS_MOVE = YES;
				CLANG_WARN_UNGUARDED_AVAILABILITY = YES_AGGRESSIVE;
				CLANG_WARN_UNREACHABLE_CODE = YES;
				CLANG_WARN__DUPLICATE_METHOD_MATCH = YES;
				COPY_PHASE_STRIP = NO;
				CURRENT_PROJECT_VERSION = 5;
				DEBUG_INFORMATION_FORMAT = "dwarf-with-dsym";
				DEVELOPMENT_TEAM = TYQ32QCF6K;
				ENABLE_NS_ASSERTIONS = NO;
				ENABLE_STRICT_OBJC_MSGSEND = YES;
				GCC_C_LANGUAGE_STANDARD = gnu11;
				GCC_NO_COMMON_BLOCKS = YES;
				GCC_WARN_64_TO_32_BIT_CONVERSION = YES;
				GCC_WARN_ABOUT_RETURN_TYPE = YES_ERROR;
				GCC_WARN_UNDECLARED_SELECTOR = YES;
				GCC_WARN_UNINITIALIZED_AUTOS = YES_AGGRESSIVE;
				GCC_WARN_UNUSED_FUNCTION = YES;
				GCC_WARN_UNUSED_VARIABLE = YES;
				IPHONEOS_DEPLOYMENT_TARGET = 17.0;
				MARKETING_VERSION = 1.0.0;
				MTL_ENABLE_DEBUG_INFO = NO;
				MTL_FAST_MATH = YES;
				PRODUCT_NAME = "$(TARGET_NAME)";
				SDKROOT = iphoneos;
				SWIFT_COMPILATION_MODE = wholemodule;
				SWIFT_OPTIMIZATION_LEVEL = "-O";
				SWIFT_VERSION = 5.9;
			};
			name = Release;
		};
		3A86786DA5F923DE8CBE57A9 /* Debug */ = {
			isa = XCBuildConfiguration;
			buildSettings = {
				BUNDLE_LOADER = "$(TEST_HOST)";
				GENERATE_INFOPLIST_FILE = YES;
				LD_RUNPATH_SEARCH_PATHS = (
					"$(inherited)",
					"@executable_path/Frameworks",
					"@loader_path/Frameworks",
				);
				PRODUCT_BUNDLE_IDENTIFIER = net.shadowpuppet.PortOSRecallTests;
				SDKROOT = iphoneos;
				TARGETED_DEVICE_FAMILY = "1,2";
				TEST_HOST = "$(BUILT_PRODUCTS_DIR)/PortOS_Recall.app/$(BUNDLE_EXECUTABLE_FOLDER_PATH)/PortOS_Recall";
			};
			name = Debug;
		};
		6F62AFFFF8CB487DB177F3C4 /* Debug */ = {
			isa = XCBuildConfiguration;
			buildSettings = {
				BUNDLE_LOADER = "$(TEST_HOST)";
				GENERATE_INFOPLIST_FILE = YES;
				LD_RUNPATH_SEARCH_PATHS = (
					"$(inherited)",
					"@executable_path/Frameworks",
					"@loader_path/Frameworks",
				);
				PRODUCT_BUNDLE_IDENTIFIER = net.shadowpuppet.PortOSRecallUITests;
				SDKROOT = iphoneos;
				TARGETED_DEVICE_FAMILY = "1,2";
				TEST_TARGET_NAME = PortOS_Recall;
			};
			name = Debug;
		};
		8E780033439359BCBB69906E /* Release */ = {
			isa = XCBuildConfiguration;
			buildSettings = {
				BUNDLE_LOADER = "$(TEST_HOST)";
				GENERATE_INFOPLIST_FILE = YES;
				LD_RUNPATH_SEARCH_PATHS = (
					"$(inherited)",
					"@executable_path/Frameworks",
					"@loader_path/Frameworks",
				);
				PRODUCT_BUNDLE_IDENTIFIER = net.shadowpuppet.PortOSRecallTests;
				SDKROOT = iphoneos;
				TARGETED_DEVICE_FAMILY = "1,2";
				TEST_HOST = "$(BUILT_PRODUCTS_DIR)/PortOS_Recall.app/$(BUNDLE_EXECUTABLE_FOLDER_PATH)/PortOS_Recall";
			};
			name = Release;
		};
		92D24432040C227ED75A7B6D /* Release */ = {
			isa = XCBuildConfiguration;
			buildSettings = {
				ASSETCATALOG_COMPILER_APPICON_NAME = AppIcon;
				CODE_SIGN_ENTITLEMENTS = PortOS_Recall/PortOS_Recall.entitlements;
				CODE_SIGN_IDENTITY = "iPhone Developer";
				DEVELOPMENT_ASSET_PATHS = "\"PortOS_Recall/Preview Content\"";
				GENERATE_INFOPLIST_FILE = YES;
				INFOPLIST_FILE = PortOS_Recall/Info.plist;
				INFOPLIST_KEY_CFBundleDisplayName = "PortOS Recall";
				INFOPLIST_KEY_ITSAppUsesNonExemptEncryption = NO;
				INFOPLIST_KEY_UILaunchScreen_Generation = YES;
				INFOPLIST_KEY_UISupportedInterfaceOrientations = "UIInterfaceOrientationPortrait UIInterfaceOrientationLandscapeLeft UIInterfaceOrientationLandscapeRight";
				INFOPLIST_KEY_UISupportedInterfaceOrientations_iPad = "UIInterfaceOrientationPortrait UIInterfaceOrientationPortraitUpsideDown UIInterfaceOrientationLandscapeLeft UIInterfaceOrientationLandscapeRight";
				LD_RUNPATH_SEARCH_PATHS = (
					"$(inherited)",
					"@executable_path/Frameworks",
				);
				PRODUCT_BUNDLE_IDENTIFIER = net.shadowpuppet.PortOSRecall;
				SDKROOT = iphoneos;
				TARGETED_DEVICE_FAMILY = "1,2";
			};
			name = Release;
		};
		9BF4D8DBECF4AC9390E877CA /* Debug */ = {
			isa = XCBuildConfiguration;
			buildSettings = {
				ALWAYS_SEARCH_USER_PATHS = NO;
				CLANG_ANALYZER_NONNULL = YES;
				CLANG_ANALYZER_NUMBER_OBJECT_CONVERSION = YES_AGGRESSIVE;
				CLANG_CXX_LANGUAGE_STANDARD = "gnu++14";
				CLANG_CXX_LIBRARY = "libc++";
				CLANG_ENABLE_MODULES = YES;
				CLANG_ENABLE_OBJC_ARC = YES;
				CLANG_ENABLE_OBJC_WEAK = YES;
				CLANG_WARN_BLOCK_CAPTURE_AUTORELEASING = YES;
				CLANG_WARN_BOOL_CONVERSION = YES;
				CLANG_WARN_COMMA = YES;
				CLANG_WARN_CONSTANT_CONVERSION = YES;
				CLANG_WARN_DEPRECATED_OBJC_IMPLEMENTATIONS = YES;
				CLANG_WARN_DIRECT_OBJC_ISA_USAGE = YES_ERROR;
				CLANG_WARN_DOCUMENTATION_COMMENTS = YES;
				CLANG_WARN_EMPTY_BODY = YES;
				CLANG_WARN_ENUM_CONVERSION = YES;
				CLANG_WARN_INFINITE_RECURSION = YES;
				CLANG_WARN_INT_CONVERSION = YES;
				CLANG_WARN_NON_LITERAL_NULL_CONVERSION = YES;
				CLANG_WARN_OBJC_IMPLICIT_RETAIN_SELF = YES;
				CLANG_WARN_OBJC_LITERAL_CONVERSION = YES;
				CLANG_WARN_OBJC_ROOT_CLASS = YES_ERROR;
				CLANG_WARN_QUOTED_INCLUDE_IN_FRAMEWORK_HEADER = YES;
				CLANG_WARN_RANGE_LOOP_ANALYSIS = YES;
				CLANG_WARN_STRICT_PROTOTYPES = YES;
				CLANG_WARN_SUSPICIOUS_MOVE = YES;
				CLANG_WARN_UNGUARDED_AVAILABILITY = YES_AGGRESSIVE;
				CLANG_WARN_UNREACHABLE_CODE = YES;
				CLANG_WARN__DUPLICATE_METHOD_MATCH = YES;
				COPY_PHASE_STRIP = NO;
				CURRENT_PROJECT_VERSION = 5;
				DEBUG_INFORMATION_FORMAT = dwarf;
				DEVELOPMENT_TEAM = TYQ32QCF6K;
				ENABLE_STRICT_OBJC_MSGSEND = YES;
				ENABLE_TESTABILITY = YES;
				GCC_C_LANGUAGE_STANDARD = gnu11;
				GCC_DYNAMIC_NO_PIC = NO;
				GCC_NO_COMMON_BLOCKS = YES;
				GCC_OPTIMIZATION_LEVEL = 0;
				GCC_PREPROCESSOR_DEFINITIONS = (
					"$(inherited)",
					"DEBUG=1",
				);
				GCC_WARN_64_TO_32_BIT_CONVERSION = YES;
				GCC_WARN_ABOUT_RETURN_TYPE = YES_ERROR;
				GCC_WARN_UNDECLARED_SELECTOR = YES;
				GCC_WARN_UNINITIALIZED_AUTOS = YES_AGGRESSIVE;
				GCC_WARN_UNUSED_FUNCTION = YES;
				GCC_WARN_UNUSED_VARIABLE = YES;
				IPHONEOS_DEPLOYMENT_TARGET = 17.0;
				MARKETING_VERSION = 1.0.0;
				MTL_ENABLE_DEBUG_INFO = INCLUDE_SOURCE;
				MTL_FAST_MATH = YES;
				ONLY_ACTIVE_ARCH = YES;
				PRODUCT_NAME = "$(TARGET_NAME)";
				SDKROOT = iphoneos;
				SWIFT_ACTIVE_COMPILATION_CONDITIONS = DEBUG;
				SWIFT_OPTIMIZATION_LEVEL = "-Onone";
				SWIFT_VERSION = 5.9;
			};
			name = Debug;
		};
		AEB1A70D6452D562299CB0E6 /* Release */ = {
			isa = XCBuildConfiguration;
			buildSettings = {
				BUNDLE_LOADER = "$(TEST_HOST)";
				GENERATE_INFOPLIST_FILE = YES;
				LD_RUNPATH_SEARCH_PATHS = (
					"$(inherited)",
					"@executable_path/Frameworks",
					"@loader_path/Frameworks",
				);
				PRODUCT_BUNDLE_IDENTIFIER = net.shadowpuppet.PortOSRecallUITests;
				SDKROOT = iphoneos;
				TARGETED_DEVICE_FAMILY = "1,2";
				TEST_TARGET_NAME = PortOS_Recall;
			};
			name = Release;
		};
		B82223DF6ED94AE4642DE7E8 /* Debug */ = {
			isa = XCBuildConfiguration;
			buildSettings = {
				ASSETCATALOG_COMPILER_APPICON_NAME = AppIcon;
				CODE_SIGN_ENTITLEMENTS = PortOS_Recall/PortOS_Recall.entitlements;
				CODE_SIGN_IDENTITY = "iPhone Developer";
				DEVELOPMENT_ASSET_PATHS = "\"PortOS_Recall/Preview Content\"";
				GENERATE_INFOPLIST_FILE = YES;
				INFOPLIST_FILE = PortOS_Recall/Info.plist;
				INFOPLIST_KEY_CFBundleDisplayName = "PortOS Recall";
				INFOPLIST_KEY_ITSAppUsesNonExemptEncryption = NO;
				INFOPLIST_KEY_UILaunchScreen_Generation = YES;
				INFOPLIST_KEY_UISupportedInterfaceOrientations = "UIInterfaceOrientationPortrait UIInterfaceOrientationLandscapeLeft UIInterfaceOrientationLandscapeRight";
				INFOPLIST_KEY_UISupportedInterfaceOrientations_iPad = "UIInterfaceOrientationPortrait UIInterfaceOrientationPortraitUpsideDown UIInterfaceOrientationLandscapeLeft UIInterfaceOrientationLandscapeRight";
				LD_RUNPATH_SEARCH_PATHS = (
					"$(inherited)",
					"@executable_path/Frameworks",
				);
				PRODUCT_BUNDLE_IDENTIFIER = net.shadowpuppet.PortOSRecall;
				SDKROOT = iphoneos;
				TARGETED_DEVICE_FAMILY = "1,2";
			};
			name = Debug;
		};
/* End XCBuildConfiguration section */

/* Begin XCConfigurationList section */
		23EE7EB2F1E150A9DB0227BE /* Build configuration list for PBXProject "PortOS_Recall" */ = {
			isa = XCConfigurationList;
			buildConfigurations = (
				9BF4D8DBECF4AC9390E877CA /* Debug */,
				38BB959027BD5CF4CFAA058F /* Release */,
			);
			defaultConfigurationIsVisible = 0;
			defaultConfigurationName = Debug;
		};
		2857F0AD5719E1E9BC7D00A2 /* Build configuration list for PBXNativeTarget "PortOS_RecallTests" */ = {
			isa = XCConfigurationList;
			buildConfigurations = (
				3A86786DA5F923DE8CBE57A9 /* Debug */,
				8E780033439359BCBB69906E /* Release */,
			);
			defaultConfigurationIsVisible = 0;
			defaultConfigurationName = Debug;
		};
		4C9A399561926D1FC6E0B430 /* Build configuration list for PBXNativeTarget "PortOS_RecallUITests" */ = {
			isa = XCConfigurationList;
			buildConfigurations = (
				6F62AFFFF8CB487DB177F3C4 /* Debug */,
				AEB1A70D6452D562299CB0E6 /* Release */,
			);
			defaultConfigurationIsVisible = 0;
			defaultConfigurationName = Debug;
		};
		87AFD393AA9F3FE61BB44F00 /* Build configuration list for PBXNativeTarget "PortOS_Recall" */ = {
			isa = XCConfigurationList;
			buildConfigurations = (
				B82223DF6ED94AE4642DE7E8 /* Debug */,
				92D24432040C227ED75A7B6D /* Release */,
			);
			defaultConfigurationIsVisible = 0;
			defaultConfigurationName = Debug;
		};
/* End XCConfigurationList section */
	};
	rootObject = 4BBA618E440BA90E1E82D4D9 /* Project object */;
}
